// !$*UTF8*$!
{
	archiveVersion = 1;
	classes = {
	};
	objectVersion = 50;
	objects = {

/* Begin PBXBuildFile section */
		6F083BA3258D180800797C5E /* AppCoordinator.swift in Sources */ = {isa = PBXBuildFile; fileRef = 6F083BA2258D180800797C5E /* AppCoordinator.swift */; };
		6F083BAC258D1BCE00797C5E /* CharactersViewController.swift in Sources */ = {isa = PBXBuildFile; fileRef = 6F083BAA258D1BCE00797C5E /* CharactersViewController.swift */; };
		6F083BAD258D1BCE00797C5E /* CharactersViewController.xib in Resources */ = {isa = PBXBuildFile; fileRef = 6F083BAB258D1BCE00797C5E /* CharactersViewController.xib */; };
		6F083BAF258D1BF600797C5E /* CharactersCoordinator.swift in Sources */ = {isa = PBXBuildFile; fileRef = 6F083BAE258D1BF600797C5E /* CharactersCoordinator.swift */; };
		6F083BB2258D1CB000797C5E /* WebServiceServiceLocator.swift in Sources */ = {isa = PBXBuildFile; fileRef = 6F083BB1258D1CB000797C5E /* WebServiceServiceLocator.swift */; };
		6F083BB6258D1DF700797C5E /* WebServiceEndpoint.swift in Sources */ = {isa = PBXBuildFile; fileRef = 6F083BB5258D1DF700797C5E /* WebServiceEndpoint.swift */; };
		6F083BB8258D1E0A00797C5E /* WebServiceError.swift in Sources */ = {isa = PBXBuildFile; fileRef = 6F083BB7258D1E0A00797C5E /* WebServiceError.swift */; };
		6F083BD2258D369700797C5E /* WebServiceTest.swift in Sources */ = {isa = PBXBuildFile; fileRef = 6F083BD1258D369700797C5E /* WebServiceTest.swift */; };
		6F083BD5258D374700797C5E /* WebService.swift in Sources */ = {isa = PBXBuildFile; fileRef = 6F083BB3258D1CC200797C5E /* WebService.swift */; };
		6F083BD7258D423B00797C5E /* CharactersViewModel.swift in Sources */ = {isa = PBXBuildFile; fileRef = 6F083BD6258D423B00797C5E /* CharactersViewModel.swift */; };
		6F083BD9258D451F00797C5E /* Characters.swift in Sources */ = {isa = PBXBuildFile; fileRef = 6F083BD8258D451F00797C5E /* Characters.swift */; };
		6F083BDC258D551E00797C5E /* CharactersRepository.swift in Sources */ = {isa = PBXBuildFile; fileRef = 6F083BDB258D551E00797C5E /* CharactersRepository.swift */; };
		6F2361072574303E004EE4D3 /* AppDelegate.swift in Sources */ = {isa = PBXBuildFile; fileRef = 6F2361062574303E004EE4D3 /* AppDelegate.swift */; };
		6F2361092574303E004EE4D3 /* SceneDelegate.swift in Sources */ = {isa = PBXBuildFile; fileRef = 6F2361082574303E004EE4D3 /* SceneDelegate.swift */; };
		6F23610B2574303E004EE4D3 /* ViewController.swift in Sources */ = {isa = PBXBuildFile; fileRef = 6F23610A2574303E004EE4D3 /* ViewController.swift */; };
		6F23611025743040004EE4D3 /* Assets.xcassets in Resources */ = {isa = PBXBuildFile; fileRef = 6F23610F25743040004EE4D3 /* Assets.xcassets */; };
		6F23611325743040004EE4D3 /* LaunchScreen.storyboard in Resources */ = {isa = PBXBuildFile; fileRef = 6F23611125743040004EE4D3 /* LaunchScreen.storyboard */; };
		6F23611E25743040004EE4D3 /* HarryPotterLab_iOSTests.swift in Sources */ = {isa = PBXBuildFile; fileRef = 6F23611D25743040004EE4D3 /* HarryPotterLab_iOSTests.swift */; };
		6F23612925743040004EE4D3 /* HarryPotterLab_iOSUITests.swift in Sources */ = {isa = PBXBuildFile; fileRef = 6F23612825743040004EE4D3 /* HarryPotterLab_iOSUITests.swift */; };
		6F23613D25743161004EE4D3 /* NotificationCenter.framework in Frameworks */ = {isa = PBXBuildFile; fileRef = 6F23613C25743161004EE4D3 /* NotificationCenter.framework */; };
		6F23614025743161004EE4D3 /* TodayViewController.swift in Sources */ = {isa = PBXBuildFile; fileRef = 6F23613F25743161004EE4D3 /* TodayViewController.swift */; };
		6F23614325743161004EE4D3 /* MainInterface.storyboard in Resources */ = {isa = PBXBuildFile; fileRef = 6F23614125743161004EE4D3 /* MainInterface.storyboard */; };
		6F23614725743161004EE4D3 /* HarryPotterLab_Widget.appex in Embed App Extensions */ = {isa = PBXBuildFile; fileRef = 6F23613A25743161004EE4D3 /* HarryPotterLab_Widget.appex */; settings = {ATTRIBUTES = (RemoveHeadersOnCopy, ); }; };
		6F23615025743553004EE4D3 /* HarryPotterLab_ui_kit.framework in Frameworks */ = {isa = PBXBuildFile; fileRef = 6F23614F25743553004EE4D3 /* HarryPotterLab_ui_kit.framework */; };
		6F23615125743553004EE4D3 /* HarryPotterLab_ui_kit.framework in Embed Frameworks */ = {isa = PBXBuildFile; fileRef = 6F23614F25743553004EE4D3 /* HarryPotterLab_ui_kit.framework */; settings = {ATTRIBUTES = (CodeSignOnCopy, RemoveHeadersOnCopy, ); }; };
/* End PBXBuildFile section */

/* Begin PBXContainerItemProxy section */
		6F23611A25743040004EE4D3 /* PBXContainerItemProxy */ = {
			isa = PBXContainerItemProxy;
			containerPortal = 6F2360FB2574303E004EE4D3 /* Project object */;
			proxyType = 1;
			remoteGlobalIDString = 6F2361022574303E004EE4D3;
			remoteInfo = "HarryPotterLab-iOS";
		};
		6F23612525743040004EE4D3 /* PBXContainerItemProxy */ = {
			isa = PBXContainerItemProxy;
			containerPortal = 6F2360FB2574303E004EE4D3 /* Project object */;
			proxyType = 1;
			remoteGlobalIDString = 6F2361022574303E004EE4D3;
			remoteInfo = "HarryPotterLab-iOS";
		};
		6F23614525743161004EE4D3 /* PBXContainerItemProxy */ = {
			isa = PBXContainerItemProxy;
			containerPortal = 6F2360FB2574303E004EE4D3 /* Project object */;
			proxyType = 1;
			remoteGlobalIDString = 6F23613925743161004EE4D3;
			remoteInfo = HarryPotterLab_Widget;
		};
/* End PBXContainerItemProxy section */

/* Begin PBXCopyFilesBuildPhase section */
		6F23614B25743163004EE4D3 /* Embed App Extensions */ = {
			isa = PBXCopyFilesBuildPhase;
			buildActionMask = 2147483647;
			dstPath = "";
			dstSubfolderSpec = 13;
			files = (
				6F23614725743161004EE4D3 /* HarryPotterLab_Widget.appex in Embed App Extensions */,
			);
			name = "Embed App Extensions";
			runOnlyForDeploymentPostprocessing = 0;
		};
		6F23615225743553004EE4D3 /* Embed Frameworks */ = {
			isa = PBXCopyFilesBuildPhase;
			buildActionMask = 2147483647;
			dstPath = "";
			dstSubfolderSpec = 10;
			files = (
				6F23615125743553004EE4D3 /* HarryPotterLab_ui_kit.framework in Embed Frameworks */,
			);
			name = "Embed Frameworks";
			runOnlyForDeploymentPostprocessing = 0;
		};
/* End PBXCopyFilesBuildPhase section */

/* Begin PBXFileReference section */
		6F083BA2258D180800797C5E /* AppCoordinator.swift */ = {isa = PBXFileReference; lastKnownFileType = sourcecode.swift; path = AppCoordinator.swift; sourceTree = "<group>"; };
		6F083BAA258D1BCE00797C5E /* CharactersViewController.swift */ = {isa = PBXFileReference; lastKnownFileType = sourcecode.swift; path = CharactersViewController.swift; sourceTree = "<group>"; };
		6F083BAB258D1BCE00797C5E /* CharactersViewController.xib */ = {isa = PBXFileReference; lastKnownFileType = file.xib; path = CharactersViewController.xib; sourceTree = "<group>"; };
		6F083BAE258D1BF600797C5E /* CharactersCoordinator.swift */ = {isa = PBXFileReference; lastKnownFileType = sourcecode.swift; path = CharactersCoordinator.swift; sourceTree = "<group>"; };
		6F083BB1258D1CB000797C5E /* WebServiceServiceLocator.swift */ = {isa = PBXFileReference; lastKnownFileType = sourcecode.swift; path = WebServiceServiceLocator.swift; sourceTree = "<group>"; };
		6F083BB3258D1CC200797C5E /* WebService.swift */ = {isa = PBXFileReference; lastKnownFileType = sourcecode.swift; path = WebService.swift; sourceTree = "<group>"; };
		6F083BB5258D1DF700797C5E /* WebServiceEndpoint.swift */ = {isa = PBXFileReference; lastKnownFileType = sourcecode.swift; path = WebServiceEndpoint.swift; sourceTree = "<group>"; };
		6F083BB7258D1E0A00797C5E /* WebServiceError.swift */ = {isa = PBXFileReference; lastKnownFileType = sourcecode.swift; path = WebServiceError.swift; sourceTree = "<group>"; };
		6F083BD1258D369700797C5E /* WebServiceTest.swift */ = {isa = PBXFileReference; lastKnownFileType = sourcecode.swift; name = WebServiceTest.swift; path = ../../../WebServiceTest.swift; sourceTree = "<group>"; };
		6F083BD6258D423B00797C5E /* CharactersViewModel.swift */ = {isa = PBXFileReference; lastKnownFileType = sourcecode.swift; path = CharactersViewModel.swift; sourceTree = "<group>"; };
		6F083BD8258D451F00797C5E /* Characters.swift */ = {isa = PBXFileReference; lastKnownFileType = sourcecode.swift; path = Characters.swift; sourceTree = "<group>"; };
		6F083BDB258D551E00797C5E /* CharactersRepository.swift */ = {isa = PBXFileReference; lastKnownFileType = sourcecode.swift; path = CharactersRepository.swift; sourceTree = "<group>"; };
		6F2361032574303E004EE4D3 /* HarryPotterLab-iOS.app */ = {isa = PBXFileReference; explicitFileType = wrapper.application; includeInIndex = 0; path = "HarryPotterLab-iOS.app"; sourceTree = BUILT_PRODUCTS_DIR; };
		6F2361062574303E004EE4D3 /* AppDelegate.swift */ = {isa = PBXFileReference; lastKnownFileType = sourcecode.swift; path = AppDelegate.swift; sourceTree = "<group>"; };
		6F2361082574303E004EE4D3 /* SceneDelegate.swift */ = {isa = PBXFileReference; lastKnownFileType = sourcecode.swift; path = SceneDelegate.swift; sourceTree = "<group>"; };
		6F23610A2574303E004EE4D3 /* ViewController.swift */ = {isa = PBXFileReference; lastKnownFileType = sourcecode.swift; path = ViewController.swift; sourceTree = "<group>"; };
		6F23610F25743040004EE4D3 /* Assets.xcassets */ = {isa = PBXFileReference; lastKnownFileType = folder.assetcatalog; path = Assets.xcassets; sourceTree = "<group>"; };
		6F23611225743040004EE4D3 /* Base */ = {isa = PBXFileReference; lastKnownFileType = file.storyboard; name = Base; path = Base.lproj/LaunchScreen.storyboard; sourceTree = "<group>"; };
		6F23611425743040004EE4D3 /* Info.plist */ = {isa = PBXFileReference; lastKnownFileType = text.plist.xml; path = Info.plist; sourceTree = "<group>"; };
		6F23611925743040004EE4D3 /* HarryPotterLab-iOSTests.xctest */ = {isa = PBXFileReference; explicitFileType = wrapper.cfbundle; includeInIndex = 0; path = "HarryPotterLab-iOSTests.xctest"; sourceTree = BUILT_PRODUCTS_DIR; };
		6F23611D25743040004EE4D3 /* HarryPotterLab_iOSTests.swift */ = {isa = PBXFileReference; lastKnownFileType = sourcecode.swift; path = HarryPotterLab_iOSTests.swift; sourceTree = "<group>"; };
		6F23611F25743040004EE4D3 /* Info.plist */ = {isa = PBXFileReference; lastKnownFileType = text.plist.xml; path = Info.plist; sourceTree = "<group>"; };
		6F23612425743040004EE4D3 /* HarryPotterLab-iOSUITests.xctest */ = {isa = PBXFileReference; explicitFileType = wrapper.cfbundle; includeInIndex = 0; path = "HarryPotterLab-iOSUITests.xctest"; sourceTree = BUILT_PRODUCTS_DIR; };
		6F23612825743040004EE4D3 /* HarryPotterLab_iOSUITests.swift */ = {isa = PBXFileReference; lastKnownFileType = sourcecode.swift; path = HarryPotterLab_iOSUITests.swift; sourceTree = "<group>"; };
		6F23612A25743040004EE4D3 /* Info.plist */ = {isa = PBXFileReference; lastKnownFileType = text.plist.xml; path = Info.plist; sourceTree = "<group>"; };
		6F23613A25743161004EE4D3 /* HarryPotterLab_Widget.appex */ = {isa = PBXFileReference; explicitFileType = "wrapper.app-extension"; includeInIndex = 0; path = HarryPotterLab_Widget.appex; sourceTree = BUILT_PRODUCTS_DIR; };
		6F23613C25743161004EE4D3 /* NotificationCenter.framework */ = {isa = PBXFileReference; lastKnownFileType = wrapper.framework; name = NotificationCenter.framework; path = System/Library/Frameworks/NotificationCenter.framework; sourceTree = SDKROOT; };
		6F23613F25743161004EE4D3 /* TodayViewController.swift */ = {isa = PBXFileReference; lastKnownFileType = sourcecode.swift; path = TodayViewController.swift; sourceTree = "<group>"; };
		6F23614225743161004EE4D3 /* Base */ = {isa = PBXFileReference; lastKnownFileType = file.storyboard; name = Base; path = Base.lproj/MainInterface.storyboard; sourceTree = "<group>"; };
		6F23614425743161004EE4D3 /* Info.plist */ = {isa = PBXFileReference; lastKnownFileType = text.plist.xml; path = Info.plist; sourceTree = "<group>"; };
		6F23614F25743553004EE4D3 /* HarryPotterLab_ui_kit.framework */ = {isa = PBXFileReference; explicitFileType = wrapper.framework; path = HarryPotterLab_ui_kit.framework; sourceTree = BUILT_PRODUCTS_DIR; };
/* End PBXFileReference section */

/* Begin PBXFrameworksBuildPhase section */
		6F2361002574303E004EE4D3 /* Frameworks */ = {
			isa = PBXFrameworksBuildPhase;
			buildActionMask = 2147483647;
			files = (
				6F23615025743553004EE4D3 /* HarryPotterLab_ui_kit.framework in Frameworks */,
			);
			runOnlyForDeploymentPostprocessing = 0;
		};
		6F23611625743040004EE4D3 /* Frameworks */ = {
			isa = PBXFrameworksBuildPhase;
			buildActionMask = 2147483647;
			files = (
			);
			runOnlyForDeploymentPostprocessing = 0;
		};
		6F23612125743040004EE4D3 /* Frameworks */ = {
			isa = PBXFrameworksBuildPhase;
			buildActionMask = 2147483647;
			files = (
			);
			runOnlyForDeploymentPostprocessing = 0;
		};
		6F23613725743161004EE4D3 /* Frameworks */ = {
			isa = PBXFrameworksBuildPhase;
			buildActionMask = 2147483647;
			files = (
				6F23613D25743161004EE4D3 /* NotificationCenter.framework in Frameworks */,
			);
			runOnlyForDeploymentPostprocessing = 0;
		};
/* End PBXFrameworksBuildPhase section */

/* Begin PBXGroup section */
		6F083BA0258D17D200797C5E /* Coordinator */ = {
			isa = PBXGroup;
			children = (
				6F083BA2258D180800797C5E /* AppCoordinator.swift */,
			);
			path = Coordinator;
			sourceTree = "<group>";
		};
		6F083BA1258D17DF00797C5E /* App */ = {
			isa = PBXGroup;
			children = (
				6F083BA4258D1A2300797C5E /* Features */,
			);
			path = App;
			sourceTree = "<group>";
		};
		6F083BA4258D1A2300797C5E /* Features */ = {
			isa = PBXGroup;
			children = (
				6F083BA5258D1A3C00797C5E /* Characters */,
			);
			path = Features;
			sourceTree = "<group>";
		};
		6F083BA5258D1A3C00797C5E /* Characters */ = {
			isa = PBXGroup;
			children = (
				6F083BDA258D54FF00797C5E /* Repositories */,
				6F083BA9258D1ACA00797C5E /* Models */,
				6F083BA8258D1AC300797C5E /* ViewModels */,
				6F083BA7258D1A7000797C5E /* ViewControllers */,
				6F083BA6258D1A6200797C5E /* Coordinator */,
			);
			path = Characters;
			sourceTree = "<group>";
		};
		6F083BA6258D1A6200797C5E /* Coordinator */ = {
			isa = PBXGroup;
			children = (
				6F083BAE258D1BF600797C5E /* CharactersCoordinator.swift */,
			);
			path = Coordinator;
			sourceTree = "<group>";
		};
		6F083BA7258D1A7000797C5E /* ViewControllers */ = {
			isa = PBXGroup;
			children = (
				6F083BAA258D1BCE00797C5E /* CharactersViewController.swift */,
				6F083BAB258D1BCE00797C5E /* CharactersViewController.xib */,
			);
			path = ViewControllers;
			sourceTree = "<group>";
		};
		6F083BA8258D1AC300797C5E /* ViewModels */ = {
			isa = PBXGroup;
			children = (
				6F083BD6258D423B00797C5E /* CharactersViewModel.swift */,
			);
			path = ViewModels;
			sourceTree = "<group>";
		};
		6F083BA9258D1ACA00797C5E /* Models */ = {
			isa = PBXGroup;
			children = (
				6F083BD8258D451F00797C5E /* Characters.swift */,
			);
			path = Models;
			sourceTree = "<group>";
		};
		6F083BB0258D1C6500797C5E /* WebService */ = {
			isa = PBXGroup;
			children = (
				6F083BB1258D1CB000797C5E /* WebServiceServiceLocator.swift */,
				6F083BB3258D1CC200797C5E /* WebService.swift */,
				6F083BB5258D1DF700797C5E /* WebServiceEndpoint.swift */,
				6F083BB7258D1E0A00797C5E /* WebServiceError.swift */,
			);
			path = WebService;
			sourceTree = "<group>";
		};
		6F083BD0258D366000797C5E /* WebService */ = {
			isa = PBXGroup;
			children = (
				6F083BD1258D369700797C5E /* WebServiceTest.swift */,
			);
			path = WebService;
			sourceTree = "<group>";
		};
		6F083BDA258D54FF00797C5E /* Repositories */ = {
			isa = PBXGroup;
			children = (
				6F083BDB258D551E00797C5E /* CharactersRepository.swift */,
			);
			path = Repositories;
			sourceTree = "<group>";
		};
		6F2360FA2574303E004EE4D3 = {
			isa = PBXGroup;
			children = (
				6F2361052574303E004EE4D3 /* HarryPotterLab-iOS */,
				6F23611C25743040004EE4D3 /* HarryPotterLab-iOSTests */,
				6F23612725743040004EE4D3 /* HarryPotterLab-iOSUITests */,
				6F23613E25743161004EE4D3 /* HarryPotterLab_Widget */,
				6F23613B25743161004EE4D3 /* Frameworks */,
				6F2361042574303E004EE4D3 /* Products */,
			);
			sourceTree = "<group>";
		};
		6F2361042574303E004EE4D3 /* Products */ = {
			isa = PBXGroup;
			children = (
				6F2361032574303E004EE4D3 /* HarryPotterLab-iOS.app */,
				6F23611925743040004EE4D3 /* HarryPotterLab-iOSTests.xctest */,
				6F23612425743040004EE4D3 /* HarryPotterLab-iOSUITests.xctest */,
				6F23613A25743161004EE4D3 /* HarryPotterLab_Widget.appex */,
			);
			name = Products;
			sourceTree = "<group>";
		};
		6F2361052574303E004EE4D3 /* HarryPotterLab-iOS */ = {
			isa = PBXGroup;
			children = (
				6F2361062574303E004EE4D3 /* AppDelegate.swift */,
				6F2361082574303E004EE4D3 /* SceneDelegate.swift */,
				6F23610A2574303E004EE4D3 /* ViewController.swift */,
				6F083BA0258D17D200797C5E /* Coordinator */,
				6F083BA1258D17DF00797C5E /* App */,
				6F083BB0258D1C6500797C5E /* WebService */,
				6F23610F25743040004EE4D3 /* Assets.xcassets */,
				6F23611125743040004EE4D3 /* LaunchScreen.storyboard */,
				6F23611425743040004EE4D3 /* Info.plist */,
			);
			path = "HarryPotterLab-iOS";
			sourceTree = "<group>";
		};
		6F23611C25743040004EE4D3 /* HarryPotterLab-iOSTests */ = {
			isa = PBXGroup;
			children = (
				6F083BD0258D366000797C5E /* WebService */,
				6F23611D25743040004EE4D3 /* HarryPotterLab_iOSTests.swift */,
				6F23611F25743040004EE4D3 /* Info.plist */,
			);
			path = "HarryPotterLab-iOSTests";
			sourceTree = "<group>";
		};
		6F23612725743040004EE4D3 /* HarryPotterLab-iOSUITests */ = {
			isa = PBXGroup;
			children = (
				6F23612825743040004EE4D3 /* HarryPotterLab_iOSUITests.swift */,
				6F23612A25743040004EE4D3 /* Info.plist */,
			);
			path = "HarryPotterLab-iOSUITests";
			sourceTree = "<group>";
		};
		6F23613B25743161004EE4D3 /* Frameworks */ = {
			isa = PBXGroup;
			children = (
				6F23614F25743553004EE4D3 /* HarryPotterLab_ui_kit.framework */,
				6F23613C25743161004EE4D3 /* NotificationCenter.framework */,
			);
			name = Frameworks;
			sourceTree = "<group>";
		};
		6F23613E25743161004EE4D3 /* HarryPotterLab_Widget */ = {
			isa = PBXGroup;
			children = (
				6F23613F25743161004EE4D3 /* TodayViewController.swift */,
				6F23614125743161004EE4D3 /* MainInterface.storyboard */,
				6F23614425743161004EE4D3 /* Info.plist */,
			);
			path = HarryPotterLab_Widget;
			sourceTree = "<group>";
		};
/* End PBXGroup section */

/* Begin PBXNativeTarget section */
		6F2361022574303E004EE4D3 /* HarryPotterLab-iOS */ = {
			isa = PBXNativeTarget;
			buildConfigurationList = 6F23612D25743040004EE4D3 /* Build configuration list for PBXNativeTarget "HarryPotterLab-iOS" */;
			buildPhases = (
				6F2360FF2574303E004EE4D3 /* Sources */,
				6F2361002574303E004EE4D3 /* Frameworks */,
				6F2361012574303E004EE4D3 /* Resources */,
				6F23614B25743163004EE4D3 /* Embed App Extensions */,
				6F23615225743553004EE4D3 /* Embed Frameworks */,
			);
			buildRules = (
			);
			dependencies = (
				6F23614625743161004EE4D3 /* PBXTargetDependency */,
			);
			name = "HarryPotterLab-iOS";
			productName = "HarryPotterLab-iOS";
			productReference = 6F2361032574303E004EE4D3 /* HarryPotterLab-iOS.app */;
			productType = "com.apple.product-type.application";
		};
		6F23611825743040004EE4D3 /* HarryPotterLab-iOSTests */ = {
			isa = PBXNativeTarget;
			buildConfigurationList = 6F23613025743040004EE4D3 /* Build configuration list for PBXNativeTarget "HarryPotterLab-iOSTests" */;
			buildPhases = (
				6F23611525743040004EE4D3 /* Sources */,
				6F23611625743040004EE4D3 /* Frameworks */,
				6F23611725743040004EE4D3 /* Resources */,
			);
			buildRules = (
			);
			dependencies = (
				6F23611B25743040004EE4D3 /* PBXTargetDependency */,
			);
			name = "HarryPotterLab-iOSTests";
			productName = "HarryPotterLab-iOSTests";
			productReference = 6F23611925743040004EE4D3 /* HarryPotterLab-iOSTests.xctest */;
			productType = "com.apple.product-type.bundle.unit-test";
		};
		6F23612325743040004EE4D3 /* HarryPotterLab-iOSUITests */ = {
			isa = PBXNativeTarget;
			buildConfigurationList = 6F23613325743040004EE4D3 /* Build configuration list for PBXNativeTarget "HarryPotterLab-iOSUITests" */;
			buildPhases = (
				6F23612025743040004EE4D3 /* Sources */,
				6F23612125743040004EE4D3 /* Frameworks */,
				6F23612225743040004EE4D3 /* Resources */,
			);
			buildRules = (
			);
			dependencies = (
				6F23612625743040004EE4D3 /* PBXTargetDependency */,
			);
			name = "HarryPotterLab-iOSUITests";
			productName = "HarryPotterLab-iOSUITests";
			productReference = 6F23612425743040004EE4D3 /* HarryPotterLab-iOSUITests.xctest */;
			productType = "com.apple.product-type.bundle.ui-testing";
		};
		6F23613925743161004EE4D3 /* HarryPotterLab_Widget */ = {
			isa = PBXNativeTarget;
			buildConfigurationList = 6F23614825743163004EE4D3 /* Build configuration list for PBXNativeTarget "HarryPotterLab_Widget" */;
			buildPhases = (
				6F23613625743161004EE4D3 /* Sources */,
				6F23613725743161004EE4D3 /* Frameworks */,
				6F23613825743161004EE4D3 /* Resources */,
			);
			buildRules = (
			);
			dependencies = (
			);
			name = HarryPotterLab_Widget;
			productName = HarryPotterLab_Widget;
			productReference = 6F23613A25743161004EE4D3 /* HarryPotterLab_Widget.appex */;
			productType = "com.apple.product-type.app-extension";
		};
/* End PBXNativeTarget section */

/* Begin PBXProject section */
		6F2360FB2574303E004EE4D3 /* Project object */ = {
			isa = PBXProject;
			attributes = {
				LastSwiftUpdateCheck = 1110;
				LastUpgradeCheck = 1110;
				ORGANIZATIONNAME = "Miquel Bosch";
				TargetAttributes = {
					6F2361022574303E004EE4D3 = {
						CreatedOnToolsVersion = 11.1;
					};
					6F23611825743040004EE4D3 = {
						CreatedOnToolsVersion = 11.1;
						TestTargetID = 6F2361022574303E004EE4D3;
					};
					6F23612325743040004EE4D3 = {
						CreatedOnToolsVersion = 11.1;
						TestTargetID = 6F2361022574303E004EE4D3;
					};
					6F23613925743161004EE4D3 = {
						CreatedOnToolsVersion = 11.1;
					};
				};
			};
			buildConfigurationList = 6F2360FE2574303E004EE4D3 /* Build configuration list for PBXProject "HarryPotterLab-iOS" */;
			compatibilityVersion = "Xcode 9.3";
			developmentRegion = en;
			hasScannedForEncodings = 0;
			knownRegions = (
				en,
				Base,
			);
			mainGroup = 6F2360FA2574303E004EE4D3;
			productRefGroup = 6F2361042574303E004EE4D3 /* Products */;
			projectDirPath = "";
			projectRoot = "";
			targets = (
				6F2361022574303E004EE4D3 /* HarryPotterLab-iOS */,
				6F23611825743040004EE4D3 /* HarryPotterLab-iOSTests */,
				6F23612325743040004EE4D3 /* HarryPotterLab-iOSUITests */,
				6F23613925743161004EE4D3 /* HarryPotterLab_Widget */,
			);
		};
/* End PBXProject section */

/* Begin PBXResourcesBuildPhase section */
		6F2361012574303E004EE4D3 /* Resources */ = {
			isa = PBXResourcesBuildPhase;
			buildActionMask = 2147483647;
			files = (
				6F083BAD258D1BCE00797C5E /* CharactersViewController.xib in Resources */,
				6F23611325743040004EE4D3 /* LaunchScreen.storyboard in Resources */,
				6F23611025743040004EE4D3 /* Assets.xcassets in Resources */,
			);
			runOnlyForDeploymentPostprocessing = 0;
		};
		6F23611725743040004EE4D3 /* Resources */ = {
			isa = PBXResourcesBuildPhase;
			buildActionMask = 2147483647;
			files = (
			);
			runOnlyForDeploymentPostprocessing = 0;
		};
		6F23612225743040004EE4D3 /* Resources */ = {
			isa = PBXResourcesBuildPhase;
			buildActionMask = 2147483647;
			files = (
			);
			runOnlyForDeploymentPostprocessing = 0;
		};
		6F23613825743161004EE4D3 /* Resources */ = {
			isa = PBXResourcesBuildPhase;
			buildActionMask = 2147483647;
			files = (
				6F23614325743161004EE4D3 /* MainInterface.storyboard in Resources */,
			);
			runOnlyForDeploymentPostprocessing = 0;
		};
/* End PBXResourcesBuildPhase section */

/* Begin PBXSourcesBuildPhase section */
		6F2360FF2574303E004EE4D3 /* Sources */ = {
			isa = PBXSourcesBuildPhase;
			buildActionMask = 2147483647;
			files = (
				6F083BD7258D423B00797C5E /* CharactersViewModel.swift in Sources */,
				6F083BA3258D180800797C5E /* AppCoordinator.swift in Sources */,
				6F23610B2574303E004EE4D3 /* ViewController.swift in Sources */,
				6F2361072574303E004EE4D3 /* AppDelegate.swift in Sources */,
				6F083BAF258D1BF600797C5E /* CharactersCoordinator.swift in Sources */,
				6F083BB8258D1E0A00797C5E /* WebServiceError.swift in Sources */,
				6F083BAC258D1BCE00797C5E /* CharactersViewController.swift in Sources */,
				6F083BD9258D451F00797C5E /* Characters.swift in Sources */,
				6F083BB2258D1CB000797C5E /* WebServiceServiceLocator.swift in Sources */,
				6F2361092574303E004EE4D3 /* SceneDelegate.swift in Sources */,
				6F083BD5258D374700797C5E /* WebService.swift in Sources */,
				6F083BB6258D1DF700797C5E /* WebServiceEndpoint.swift in Sources */,
				6F083BDC258D551E00797C5E /* CharactersRepository.swift in Sources */,
			);
			runOnlyForDeploymentPostprocessing = 0;
		};
		6F23611525743040004EE4D3 /* Sources */ = {
			isa = PBXSourcesBuildPhase;
			buildActionMask = 2147483647;
			files = (
				6F083BD2258D369700797C5E /* WebServiceTest.swift in Sources */,
				6F23611E25743040004EE4D3 /* HarryPotterLab_iOSTests.swift in Sources */,
			);
			runOnlyForDeploymentPostprocessing = 0;
		};
		6F23612025743040004EE4D3 /* Sources */ = {
			isa = PBXSourcesBuildPhase;
			buildActionMask = 2147483647;
			files = (
				6F23612925743040004EE4D3 /* HarryPotterLab_iOSUITests.swift in Sources */,
			);
			runOnlyForDeploymentPostprocessing = 0;
		};
		6F23613625743161004EE4D3 /* Sources */ = {
			isa = PBXSourcesBuildPhase;
			buildActionMask = 2147483647;
			files = (
				6F23614025743161004EE4D3 /* TodayViewController.swift in Sources */,
			);
			runOnlyForDeploymentPostprocessing = 0;
		};
/* End PBXSourcesBuildPhase section */

/* Begin PBXTargetDependency section */
		6F23611B25743040004EE4D3 /* PBXTargetDependency */ = {
			isa = PBXTargetDependency;
			target = 6F2361022574303E004EE4D3 /* HarryPotterLab-iOS */;
			targetProxy = 6F23611A25743040004EE4D3 /* PBXContainerItemProxy */;
		};
		6F23612625743040004EE4D3 /* PBXTargetDependency */ = {
			isa = PBXTargetDependency;
			target = 6F2361022574303E004EE4D3 /* HarryPotterLab-iOS */;
			targetProxy = 6F23612525743040004EE4D3 /* PBXContainerItemProxy */;
		};
		6F23614625743161004EE4D3 /* PBXTargetDependency */ = {
			isa = PBXTargetDependency;
			target = 6F23613925743161004EE4D3 /* HarryPotterLab_Widget */;
			targetProxy = 6F23614525743161004EE4D3 /* PBXContainerItemProxy */;
		};
/* End PBXTargetDependency section */

/* Begin PBXVariantGroup section */
		6F23611125743040004EE4D3 /* LaunchScreen.storyboard */ = {
			isa = PBXVariantGroup;
			children = (
				6F23611225743040004EE4D3 /* Base */,
			);
			name = LaunchScreen.storyboard;
			sourceTree = "<group>";
		};
		6F23614125743161004EE4D3 /* MainInterface.storyboard */ = {
			isa = PBXVariantGroup;
			children = (
				6F23614225743161004EE4D3 /* Base */,
			);
			name = MainInterface.storyboard;
			sourceTree = "<group>";
		};
/* End PBXVariantGroup section */

/* Begin XCBuildConfiguration section */
		6F23612B25743040004EE4D3 /* Debug */ = {
			isa = XCBuildConfiguration;
			buildSettings = {
				ALWAYS_SEARCH_USER_PATHS = NO;
				CLANG_ANALYZER_NONNULL = YES;
				CLANG_ANALYZER_NUMBER_OBJECT_CONVERSION = YES_AGGRESSIVE;
				CLANG_CXX_LANGUAGE_STANDARD = "gnu++14";
				CLANG_CXX_LIBRARY = "libc++";
				CLANG_ENABLE_MODULES = YES;
				CLANG_ENABLE_OBJC_ARC = YES;
				CLANG_ENABLE_OBJC_WEAK = YES;
				CLANG_WARN_BLOCK_CAPTURE_AUTORELEASING = YES;
				CLANG_WARN_BOOL_CONVERSION = YES;
				CLANG_WARN_COMMA = YES;
				CLANG_WARN_CONSTANT_CONVERSION = YES;
				CLANG_WARN_DEPRECATED_OBJC_IMPLEMENTATIONS = YES;
				CLANG_WARN_DIRECT_OBJC_ISA_USAGE = YES_ERROR;
				CLANG_WARN_DOCUMENTATION_COMMENTS = YES;
				CLANG_WARN_EMPTY_BODY = YES;
				CLANG_WARN_ENUM_CONVERSION = YES;
				CLANG_WARN_INFINITE_RECURSION = YES;
				CLANG_WARN_INT_CONVERSION = YES;
				CLANG_WARN_NON_LITERAL_NULL_CONVERSION = YES;
				CLANG_WARN_OBJC_IMPLICIT_RETAIN_SELF = YES;
				CLANG_WARN_OBJC_LITERAL_CONVERSION = YES;
				CLANG_WARN_OBJC_ROOT_CLASS = YES_ERROR;
				CLANG_WARN_RANGE_LOOP_ANALYSIS = YES;
				CLANG_WARN_STRICT_PROTOTYPES = YES;
				CLANG_WARN_SUSPICIOUS_MOVE = YES;
				CLANG_WARN_UNGUARDED_AVAILABILITY = YES_AGGRESSIVE;
				CLANG_WARN_UNREACHABLE_CODE = YES;
				CLANG_WARN__DUPLICATE_METHOD_MATCH = YES;
				COPY_PHASE_STRIP = NO;
				DEBUG_INFORMATION_FORMAT = dwarf;
				ENABLE_STRICT_OBJC_MSGSEND = YES;
				ENABLE_TESTABILITY = YES;
				GCC_C_LANGUAGE_STANDARD = gnu11;
				GCC_DYNAMIC_NO_PIC = NO;
				GCC_NO_COMMON_BLOCKS = YES;
				GCC_OPTIMIZATION_LEVEL = 0;
				GCC_PREPROCESSOR_DEFINITIONS = (
					"DEBUG=1",
					"$(inherited)",
				);
				GCC_WARN_64_TO_32_BIT_CONVERSION = YES;
				GCC_WARN_ABOUT_RETURN_TYPE = YES_ERROR;
				GCC_WARN_UNDECLARED_SELECTOR = YES;
				GCC_WARN_UNINITIALIZED_AUTOS = YES_AGGRESSIVE;
				GCC_WARN_UNUSED_FUNCTION = YES;
				GCC_WARN_UNUSED_VARIABLE = YES;
				IPHONEOS_DEPLOYMENT_TARGET = 13.1;
				MTL_ENABLE_DEBUG_INFO = INCLUDE_SOURCE;
				MTL_FAST_MATH = YES;
				ONLY_ACTIVE_ARCH = YES;
				SDKROOT = iphoneos;
				SWIFT_ACTIVE_COMPILATION_CONDITIONS = DEBUG;
				SWIFT_OPTIMIZATION_LEVEL = "-Onone";
			};
			name = Debug;
		};
		6F23612C25743040004EE4D3 /* Release */ = {
			isa = XCBuildConfiguration;
			buildSettings = {
				ALWAYS_SEARCH_USER_PATHS = NO;
				CLANG_ANALYZER_NONNULL = YES;
				CLANG_ANALYZER_NUMBER_OBJECT_CONVERSION = YES_AGGRESSIVE;
				CLANG_CXX_LANGUAGE_STANDARD = "gnu++14";
				CLANG_CXX_LIBRARY = "libc++";
				CLANG_ENABLE_MODULES = YES;
				CLANG_ENABLE_OBJC_ARC = YES;
				CLANG_ENABLE_OBJC_WEAK = YES;
				CLANG_WARN_BLOCK_CAPTURE_AUTORELEASING = YES;
				CLANG_WARN_BOOL_CONVERSION = YES;
				CLANG_WARN_COMMA = YES;
				CLANG_WARN_CONSTANT_CONVERSION = YES;
				CLANG_WARN_DEPRECATED_OBJC_IMPLEMENTATIONS = YES;
				CLANG_WARN_DIRECT_OBJC_ISA_USAGE = YES_ERROR;
				CLANG_WARN_DOCUMENTATION_COMMENTS = YES;
				CLANG_WARN_EMPTY_BODY = YES;
				CLANG_WARN_ENUM_CONVERSION = YES;
				CLANG_WARN_INFINITE_RECURSION = YES;
				CLANG_WARN_INT_CONVERSION = YES;
				CLANG_WARN_NON_LITERAL_NULL_CONVERSION = YES;
				CLANG_WARN_OBJC_IMPLICIT_RETAIN_SELF = YES;
				CLANG_WARN_OBJC_LITERAL_CONVERSION = YES;
				CLANG_WARN_OBJC_ROOT_CLASS = YES_ERROR;
				CLANG_WARN_RANGE_LOOP_ANALYSIS = YES;
				CLANG_WARN_STRICT_PROTOTYPES = YES;
				CLANG_WARN_SUSPICIOUS_MOVE = YES;
				CLANG_WARN_UNGUARDED_AVAILABILITY = YES_AGGRESSIVE;
				CLANG_WARN_UNREACHABLE_CODE = YES;
				CLANG_WARN__DUPLICATE_METHOD_MATCH = YES;
				COPY_PHASE_STRIP = NO;
				DEBUG_INFORMATION_FORMAT = "dwarf-with-dsym";
				ENABLE_NS_ASSERTIONS = NO;
				ENABLE_STRICT_OBJC_MSGSEND = YES;
				GCC_C_LANGUAGE_STANDARD = gnu11;
				GCC_NO_COMMON_BLOCKS = YES;
				GCC_WARN_64_TO_32_BIT_CONVERSION = YES;
				GCC_WARN_ABOUT_RETURN_TYPE = YES_ERROR;
				GCC_WARN_UNDECLARED_SELECTOR = YES;
				GCC_WARN_UNINITIALIZED_AUTOS = YES_AGGRESSIVE;
				GCC_WARN_UNUSED_FUNCTION = YES;
				GCC_WARN_UNUSED_VARIABLE = YES;
				IPHONEOS_DEPLOYMENT_TARGET = 13.1;
				MTL_ENABLE_DEBUG_INFO = NO;
				MTL_FAST_MATH = YES;
				SDKROOT = iphoneos;
				SWIFT_COMPILATION_MODE = wholemodule;
				SWIFT_OPTIMIZATION_LEVEL = "-O";
				VALIDATE_PRODUCT = YES;
			};
			name = Release;
		};
		6F23612E25743040004EE4D3 /* Debug */ = {
			isa = XCBuildConfiguration;
			buildSettings = {
				ALWAYS_EMBED_SWIFT_STANDARD_LIBRARIES = YES;
				ASSETCATALOG_COMPILER_APPICON_NAME = AppIcon;
				CODE_SIGN_STYLE = Automatic;
				INFOPLIST_FILE = "HarryPotterLab-iOS/Info.plist";
				LD_RUNPATH_SEARCH_PATHS = (
					"$(inherited)",
					"@executable_path/Frameworks",
				);
				PRODUCT_BUNDLE_IDENTIFIER = "com.harripotter.lab.bosch.miquel.HarryPotterLab-iOS";
				PRODUCT_NAME = "$(TARGET_NAME)";
				SWIFT_VERSION = 5.0;
				TARGETED_DEVICE_FAMILY = "1,2";
			};
			name = Debug;
		};
		6F23612F25743040004EE4D3 /* Release */ = {
			isa = XCBuildConfiguration;
			buildSettings = {
				ALWAYS_EMBED_SWIFT_STANDARD_LIBRARIES = YES;
				ASSETCATALOG_COMPILER_APPICON_NAME = AppIcon;
				CODE_SIGN_STYLE = Automatic;
				INFOPLIST_FILE = "HarryPotterLab-iOS/Info.plist";
				LD_RUNPATH_SEARCH_PATHS = (
					"$(inherited)",
					"@executable_path/Frameworks",
				);
				PRODUCT_BUNDLE_IDENTIFIER = "com.harripotter.lab.bosch.miquel.HarryPotterLab-iOS";
				PRODUCT_NAME = "$(TARGET_NAME)";
				SWIFT_VERSION = 5.0;
				TARGETED_DEVICE_FAMILY = "1,2";
			};
			name = Release;
		};
		6F23613125743040004EE4D3 /* Debug */ = {
			isa = XCBuildConfiguration;
			buildSettings = {
				ALWAYS_EMBED_SWIFT_STANDARD_LIBRARIES = YES;
				BUNDLE_LOADER = "$(TEST_HOST)";
				CODE_SIGN_STYLE = Automatic;
				INFOPLIST_FILE = "HarryPotterLab-iOSTests/Info.plist";
				IPHONEOS_DEPLOYMENT_TARGET = 13.1;
				LD_RUNPATH_SEARCH_PATHS = (
					"$(inherited)",
					"@executable_path/Frameworks",
					"@loader_path/Frameworks",
				);
				PRODUCT_BUNDLE_IDENTIFIER = "com.harripotter.lab.bosch.miquel.HarryPotterLab-iOSTests";
				PRODUCT_NAME = "$(TARGET_NAME)";
				SWIFT_VERSION = 5.0;
				TARGETED_DEVICE_FAMILY = "1,2";
				TEST_HOST = "$(BUILT_PRODUCTS_DIR)/HarryPotterLab-iOS.app/HarryPotterLab-iOS";
			};
			name = Debug;
		};
		6F23613225743040004EE4D3 /* Release */ = {
			isa = XCBuildConfiguration;
			buildSettings = {
				ALWAYS_EMBED_SWIFT_STANDARD_LIBRARIES = YES;
				BUNDLE_LOADER = "$(TEST_HOST)";
				CODE_SIGN_STYLE = Automatic;
				INFOPLIST_FILE = "HarryPotterLab-iOSTests/Info.plist";
				IPHONEOS_DEPLOYMENT_TARGET = 13.1;
				LD_RUNPATH_SEARCH_PATHS = (
					"$(inherited)",
					"@executable_path/Frameworks",
					"@loader_path/Frameworks",
				);
				PRODUCT_BUNDLE_IDENTIFIER = "com.harripotter.lab.bosch.miquel.HarryPotterLab-iOSTests";
				PRODUCT_NAME = "$(TARGET_NAME)";
				SWIFT_VERSION = 5.0;
				TARGETED_DEVICE_FAMILY = "1,2";
				TEST_HOST = "$(BUILT_PRODUCTS_DIR)/HarryPotterLab-iOS.app/HarryPotterLab-iOS";
			};
			name = Release;
		};
		6F23613425743040004EE4D3 /* Debug */ = {
			isa = XCBuildConfiguration;
			buildSettings = {
				ALWAYS_EMBED_SWIFT_STANDARD_LIBRARIES = YES;
				CODE_SIGN_STYLE = Automatic;
				INFOPLIST_FILE = "HarryPotterLab-iOSUITests/Info.plist";
				LD_RUNPATH_SEARCH_PATHS = (
					"$(inherited)",
					"@executable_path/Frameworks",
					"@loader_path/Frameworks",
				);
				PRODUCT_BUNDLE_IDENTIFIER = "com.harripotter.lab.bosch.miquel.HarryPotterLab-iOSUITests";
				PRODUCT_NAME = "$(TARGET_NAME)";
				SWIFT_VERSION = 5.0;
				TARGETED_DEVICE_FAMILY = "1,2";
				TEST_TARGET_NAME = "HarryPotterLab-iOS";
			};
			name = Debug;
		};
		6F23613525743040004EE4D3 /* Release */ = {
			isa = XCBuildConfiguration;
			buildSettings = {
				ALWAYS_EMBED_SWIFT_STANDARD_LIBRARIES = YES;
				CODE_SIGN_STYLE = Automatic;
				INFOPLIST_FILE = "HarryPotterLab-iOSUITests/Info.plist";
				LD_RUNPATH_SEARCH_PATHS = (
					"$(inherited)",
					"@executable_path/Frameworks",
					"@loader_path/Frameworks",
				);
				PRODUCT_BUNDLE_IDENTIFIER = "com.harripotter.lab.bosch.miquel.HarryPotterLab-iOSUITests";
				PRODUCT_NAME = "$(TARGET_NAME)";
				SWIFT_VERSION = 5.0;
				TARGETED_DEVICE_FAMILY = "1,2";
				TEST_TARGET_NAME = "HarryPotterLab-iOS";
			};
			name = Release;
		};
		6F23614925743163004EE4D3 /* Debug */ = {
			isa = XCBuildConfiguration;
			buildSettings = {
				CODE_SIGN_STYLE = Automatic;
				INFOPLIST_FILE = HarryPotterLab_Widget/Info.plist;
				LD_RUNPATH_SEARCH_PATHS = (
					"$(inherited)",
					"@executable_path/Frameworks",
					"@executable_path/../../Frameworks",
				);
				PRODUCT_BUNDLE_IDENTIFIER = "com.harripotter.lab.bosch.miquel.HarryPotterLab-iOS.HarryPotterLab-Widget";
				PRODUCT_NAME = "$(TARGET_NAME)";
				SKIP_INSTALL = YES;
				SWIFT_VERSION = 5.0;
				TARGETED_DEVICE_FAMILY = "1,2";
			};
			name = Debug;
		};
		6F23614A25743163004EE4D3 /* Release */ = {
			isa = XCBuildConfiguration;
			buildSettings = {
				CODE_SIGN_STYLE = Automatic;
				INFOPLIST_FILE = HarryPotterLab_Widget/Info.plist;
				LD_RUNPATH_SEARCH_PATHS = (
					"$(inherited)",
					"@executable_path/Frameworks",
					"@executable_path/../../Frameworks",
				);
				PRODUCT_BUNDLE_IDENTIFIER = "com.harripotter.lab.bosch.miquel.HarryPotterLab-iOS.HarryPotterLab-Widget";
				PRODUCT_NAME = "$(TARGET_NAME)";
				SKIP_INSTALL = YES;
				SWIFT_VERSION = 5.0;
				TARGETED_DEVICE_FAMILY = "1,2";
			};
			name = Release;
		};
/* End XCBuildConfiguration section */

/* Begin XCConfigurationList section */
		6F2360FE2574303E004EE4D3 /* Build configuration list for PBXProject "HarryPotterLab-iOS" */ = {
			isa = XCConfigurationList;
			buildConfigurations = (
				6F23612B25743040004EE4D3 /* Debug */,
				6F23612C25743040004EE4D3 /* Release */,
			);
			defaultConfigurationIsVisible = 0;
			defaultConfigurationName = Release;
		};
		6F23612D25743040004EE4D3 /* Build configuration list for PBXNativeTarget "HarryPotterLab-iOS" */ = {
			isa = XCConfigurationList;
			buildConfigurations = (
				6F23612E25743040004EE4D3 /* Debug */,
				6F23612F25743040004EE4D3 /* Release */,
			);
			defaultConfigurationIsVisible = 0;
			defaultConfigurationName = Release;
		};
		6F23613025743040004EE4D3 /* Build configuration list for PBXNativeTarget "HarryPotterLab-iOSTests" */ = {
			isa = XCConfigurationList;
			buildConfigurations = (
				6F23613125743040004EE4D3 /* Debug */,
				6F23613225743040004EE4D3 /* Release */,
			);
			defaultConfigurationIsVisible = 0;
			defaultConfigurationName = Release;
		};
		6F23613325743040004EE4D3 /* Build configuration list for PBXNativeTarget "HarryPotterLab-iOSUITests" */ = {
			isa = XCConfigurationList;
			buildConfigurations = (
				6F23613425743040004EE4D3 /* Debug */,
				6F23613525743040004EE4D3 /* Release */,
			);
			defaultConfigurationIsVisible = 0;
			defaultConfigurationName = Release;
		};
		6F23614825743163004EE4D3 /* Build configuration list for PBXNativeTarget "HarryPotterLab_Widget" */ = {
			isa = XCConfigurationList;
			buildConfigurations = (
				6F23614925743163004EE4D3 /* Debug */,
				6F23614A25743163004EE4D3 /* Release */,
			);
			defaultConfigurationIsVisible = 0;
			defaultConfigurationName = Release;
		};
/* End XCConfigurationList section */
	};
	rootObject = 6F2360FB2574303E004EE4D3 /* Project object */;
}
