// !$*UTF8*$!
{
	archiveVersion = 1;
	classes = {
	};
	objectVersion = 50;
	objects = {

/* Begin PBXBuildFile section */
		6F2361072574303E004EE4D3 /* AppDelegate.swift in Sources */ = {isa = PBXBuildFile; fileRef = 6F2361062574303E004EE4D3 /* AppDelegate.swift */; };
		6F2361092574303E004EE4D3 /* SceneDelegate.swift in Sources */ = {isa = PBXBuildFile; fileRef = 6F2361082574303E004EE4D3 /* SceneDelegate.swift */; };
		6F23610B2574303E004EE4D3 /* ViewController.swift in Sources */ = {isa = PBXBuildFile; fileRef = 6F23610A2574303E004EE4D3 /* ViewController.swift */; };
		6F23610E2574303E004EE4D3 /* Main.storyboard in Resources */ = {isa = PBXBuildFile; fileRef = 6F23610C2574303E004EE4D3 /* Main.storyboard */; };
		6F23611025743040004EE4D3 /* Assets.xcassets in Resources */ = {isa = PBXBuildFile; fileRef = 6F23610F25743040004EE4D3 /* Assets.xcassets */; };
		6F23611325743040004EE4D3 /* LaunchScreen.storyboard in Resources */ = {isa = PBXBuildFile; fileRef = 6F23611125743040004EE4D3 /* LaunchScreen.storyboard */; };
		6F23611E25743040004EE4D3 /* HarryPotterLab_iOSTests.swift in Sources */ = {isa = PBXBuildFile; fileRef = 6F23611D25743040004EE4D3 /* HarryPotterLab_iOSTests.swift */; };
		6F23612925743040004EE4D3 /* HarryPotterLab_iOSUITests.swift in Sources */ = {isa = PBXBuildFile; fileRef = 6F23612825743040004EE4D3 /* HarryPotterLab_iOSUITests.swift */; };
		6F23613D25743161004EE4D3 /* NotificationCenter.framework in Frameworks */ = {isa = PBXBuildFile; fileRef = 6F23613C25743161004EE4D3 /* NotificationCenter.framework */; };
		6F23614025743161004EE4D3 /* TodayViewController.swift in Sources */ = {isa = PBXBuildFile; fileRef = 6F23613F25743161004EE4D3 /* TodayViewController.swift */; };
		6F23614325743161004EE4D3 /* MainInterface.storyboard in Resources */ = {isa = PBXBuildFile; fileRef = 6F23614125743161004EE4D3 /* MainInterface.storyboard */; };
		6F23614725743161004EE4D3 /* HarryPotterLab_Widget.appex in Embed App Extensions */ = {isa = PBXBuildFile; fileRef = 6F23613A25743161004EE4D3 /* HarryPotterLab_Widget.appex */; settings = {ATTRIBUTES = (RemoveHeadersOnCopy, ); }; };
		6F23615025743553004EE4D3 /* HarryPotterLab_ui_kit.framework in Frameworks */ = {isa = PBXBuildFile; fileRef = 6F23614F25743553004EE4D3 /* HarryPotterLab_ui_kit.framework */; };
		6F23615125743553004EE4D3 /* HarryPotterLab_ui_kit.framework in Embed Frameworks */ = {isa = PBXBuildFile; fileRef = 6F23614F25743553004EE4D3 /* HarryPotterLab_ui_kit.framework */; settings = {ATTRIBUTES = (CodeSignOnCopy, RemoveHeadersOnCopy, ); }; };
		7918360F78F220FD267A2BE3 /* Pods_HarryPotterLab_iOSUITests.framework in Frameworks */ = {isa = PBXBuildFile; fileRef = A2039658A812DF12C3C626C5 /* Pods_HarryPotterLab_iOSUITests.framework */; };
		FCCC25C316CD376237C5522E /* Pods_HarryPotterLab_iOSTests.framework in Frameworks */ = {isa = PBXBuildFile; fileRef = 77ED7BD8D4130FE5E1239C33 /* Pods_HarryPotterLab_iOSTests.framework */; };
/* End PBXBuildFile section */

/* Begin PBXContainerItemProxy section */
		6F23611A25743040004EE4D3 /* PBXContainerItemProxy */ = {
			isa = PBXContainerItemProxy;
			containerPortal = 6F2360FB2574303E004EE4D3 /* Project object */;
			proxyType = 1;
			remoteGlobalIDString = 6F2361022574303E004EE4D3;
			remoteInfo = "HarryPotterLab-iOS";
		};
		6F23612525743040004EE4D3 /* PBXContainerItemProxy */ = {
			isa = PBXContainerItemProxy;
			containerPortal = 6F2360FB2574303E004EE4D3 /* Project object */;
			proxyType = 1;
			remoteGlobalIDString = 6F2361022574303E004EE4D3;
			remoteInfo = "HarryPotterLab-iOS";
		};
		6F23614525743161004EE4D3 /* PBXContainerItemProxy */ = {
			isa = PBXContainerItemProxy;
			containerPortal = 6F2360FB2574303E004EE4D3 /* Project object */;
			proxyType = 1;
			remoteGlobalIDString = 6F23613925743161004EE4D3;
			remoteInfo = HarryPotterLab_Widget;
		};
/* End PBXContainerItemProxy section */

/* Begin PBXCopyFilesBuildPhase section */
		6F23614B25743163004EE4D3 /* Embed App Extensions */ = {
			isa = PBXCopyFilesBuildPhase;
			buildActionMask = 2147483647;
			dstPath = "";
			dstSubfolderSpec = 13;
			files = (
				6F23614725743161004EE4D3 /* HarryPotterLab_Widget.appex in Embed App Extensions */,
			);
			name = "Embed App Extensions";
			runOnlyForDeploymentPostprocessing = 0;
		};
		6F23615225743553004EE4D3 /* Embed Frameworks */ = {
			isa = PBXCopyFilesBuildPhase;
			buildActionMask = 2147483647;
			dstPath = "";
			dstSubfolderSpec = 10;
			files = (
				6F23615125743553004EE4D3 /* HarryPotterLab_ui_kit.framework in Embed Frameworks */,
			);
			name = "Embed Frameworks";
			runOnlyForDeploymentPostprocessing = 0;
		};
/* End PBXCopyFilesBuildPhase section */

/* Begin PBXFileReference section */
		040708DC0CBD2CF34F174894 /* Pods-HarryPotterLab-iOSTests.debug.xcconfig */ = {isa = PBXFileReference; includeInIndex = 1; lastKnownFileType = text.xcconfig; name = "Pods-HarryPotterLab-iOSTests.debug.xcconfig"; path = "Pods/Target Support Files/Pods-HarryPotterLab-iOSTests/Pods-HarryPotterLab-iOSTests.debug.xcconfig"; sourceTree = "<group>"; };
		0E509A2FAD5D0430D989BE4F /* Pods-HarryPotterLab-iOSUITests.debug.xcconfig */ = {isa = PBXFileReference; includeInIndex = 1; lastKnownFileType = text.xcconfig; name = "Pods-HarryPotterLab-iOSUITests.debug.xcconfig"; path = "Pods/Target Support Files/Pods-HarryPotterLab-iOSUITests/Pods-HarryPotterLab-iOSUITests.debug.xcconfig"; sourceTree = "<group>"; };
		19811F7B8FFB9FEDFE194F94 /* Pods-HarryPotterLab-iOSUITests.release.xcconfig */ = {isa = PBXFileReference; includeInIndex = 1; lastKnownFileType = text.xcconfig; name = "Pods-HarryPotterLab-iOSUITests.release.xcconfig"; path = "Pods/Target Support Files/Pods-HarryPotterLab-iOSUITests/Pods-HarryPotterLab-iOSUITests.release.xcconfig"; sourceTree = "<group>"; };
		3F2A6ADC05ABB96D4B548BD2 /* Pods-HarryPotterLab-iOS.release.xcconfig */ = {isa = PBXFileReference; includeInIndex = 1; lastKnownFileType = text.xcconfig; name = "Pods-HarryPotterLab-iOS.release.xcconfig"; path = "Pods/Target Support Files/Pods-HarryPotterLab-iOS/Pods-HarryPotterLab-iOS.release.xcconfig"; sourceTree = "<group>"; };
		586D48309408A1545A0234C0 /* Pods-HarryPotterLab-iOSTests.release.xcconfig */ = {isa = PBXFileReference; includeInIndex = 1; lastKnownFileType = text.xcconfig; name = "Pods-HarryPotterLab-iOSTests.release.xcconfig"; path = "Pods/Target Support Files/Pods-HarryPotterLab-iOSTests/Pods-HarryPotterLab-iOSTests.release.xcconfig"; sourceTree = "<group>"; };
		6F2361032574303E004EE4D3 /* HarryPotterLab-iOS.app */ = {isa = PBXFileReference; explicitFileType = wrapper.application; includeInIndex = 0; path = "HarryPotterLab-iOS.app"; sourceTree = BUILT_PRODUCTS_DIR; };
		6F2361062574303E004EE4D3 /* AppDelegate.swift */ = {isa = PBXFileReference; lastKnownFileType = sourcecode.swift; path = AppDelegate.swift; sourceTree = "<group>"; };
		6F2361082574303E004EE4D3 /* SceneDelegate.swift */ = {isa = PBXFileReference; lastKnownFileType = sourcecode.swift; path = SceneDelegate.swift; sourceTree = "<group>"; };
		6F23610A2574303E004EE4D3 /* ViewController.swift */ = {isa = PBXFileReference; lastKnownFileType = sourcecode.swift; path = ViewController.swift; sourceTree = "<group>"; };
		6F23610D2574303E004EE4D3 /* Base */ = {isa = PBXFileReference; lastKnownFileType = file.storyboard; name = Base; path = Base.lproj/Main.storyboard; sourceTree = "<group>"; };
		6F23610F25743040004EE4D3 /* Assets.xcassets */ = {isa = PBXFileReference; lastKnownFileType = folder.assetcatalog; path = Assets.xcassets; sourceTree = "<group>"; };
		6F23611225743040004EE4D3 /* Base */ = {isa = PBXFileReference; lastKnownFileType = file.storyboard; name = Base; path = Base.lproj/LaunchScreen.storyboard; sourceTree = "<group>"; };
		6F23611425743040004EE4D3 /* Info.plist */ = {isa = PBXFileReference; lastKnownFileType = text.plist.xml; path = Info.plist; sourceTree = "<group>"; };
		6F23611925743040004EE4D3 /* HarryPotterLab-iOSTests.xctest */ = {isa = PBXFileReference; explicitFileType = wrapper.cfbundle; includeInIndex = 0; path = "HarryPotterLab-iOSTests.xctest"; sourceTree = BUILT_PRODUCTS_DIR; };
		6F23611D25743040004EE4D3 /* HarryPotterLab_iOSTests.swift */ = {isa = PBXFileReference; lastKnownFileType = sourcecode.swift; path = HarryPotterLab_iOSTests.swift; sourceTree = "<group>"; };
		6F23611F25743040004EE4D3 /* Info.plist */ = {isa = PBXFileReference; lastKnownFileType = text.plist.xml; path = Info.plist; sourceTree = "<group>"; };
		6F23612425743040004EE4D3 /* HarryPotterLab-iOSUITests.xctest */ = {isa = PBXFileReference; explicitFileType = wrapper.cfbundle; includeInIndex = 0; path = "HarryPotterLab-iOSUITests.xctest"; sourceTree = BUILT_PRODUCTS_DIR; };
		6F23612825743040004EE4D3 /* HarryPotterLab_iOSUITests.swift */ = {isa = PBXFileReference; lastKnownFileType = sourcecode.swift; path = HarryPotterLab_iOSUITests.swift; sourceTree = "<group>"; };
		6F23612A25743040004EE4D3 /* Info.plist */ = {isa = PBXFileReference; lastKnownFileType = text.plist.xml; path = Info.plist; sourceTree = "<group>"; };
		6F23613A25743161004EE4D3 /* HarryPotterLab_Widget.appex */ = {isa = PBXFileReference; explicitFileType = "wrapper.app-extension"; includeInIndex = 0; path = HarryPotterLab_Widget.appex; sourceTree = BUILT_PRODUCTS_DIR; };
		6F23613C25743161004EE4D3 /* NotificationCenter.framework */ = {isa = PBXFileReference; lastKnownFileType = wrapper.framework; name = NotificationCenter.framework; path = System/Library/Frameworks/NotificationCenter.framework; sourceTree = SDKROOT; };
		6F23613F25743161004EE4D3 /* TodayViewController.swift */ = {isa = PBXFileReference; lastKnownFileType = sourcecode.swift; path = TodayViewController.swift; sourceTree = "<group>"; };
		6F23614225743161004EE4D3 /* Base */ = {isa = PBXFileReference; lastKnownFileType = file.storyboard; name = Base; path = Base.lproj/MainInterface.storyboard; sourceTree = "<group>"; };
		6F23614425743161004EE4D3 /* Info.plist */ = {isa = PBXFileReference; lastKnownFileType = text.plist.xml; path = Info.plist; sourceTree = "<group>"; };
		6F23614F25743553004EE4D3 /* HarryPotterLab_ui_kit.framework */ = {isa = PBXFileReference; explicitFileType = wrapper.framework; path = HarryPotterLab_ui_kit.framework; sourceTree = BUILT_PRODUCTS_DIR; };
		77ED7BD8D4130FE5E1239C33 /* Pods_HarryPotterLab_iOSTests.framework */ = {isa = PBXFileReference; explicitFileType = wrapper.framework; includeInIndex = 0; path = Pods_HarryPotterLab_iOSTests.framework; sourceTree = BUILT_PRODUCTS_DIR; };
		9656C63BB143095E7A8868D0 /* Pods_HarryPotterLab_Widget.framework */ = {isa = PBXFileReference; explicitFileType = wrapper.framework; includeInIndex = 0; path = Pods_HarryPotterLab_Widget.framework; sourceTree = BUILT_PRODUCTS_DIR; };
		9D44E7F4A65D456A4B87C8E8 /* Pods-HarryPotterLab_Widget.release.xcconfig */ = {isa = PBXFileReference; includeInIndex = 1; lastKnownFileType = text.xcconfig; name = "Pods-HarryPotterLab_Widget.release.xcconfig"; path = "Pods/Target Support Files/Pods-HarryPotterLab_Widget/Pods-HarryPotterLab_Widget.release.xcconfig"; sourceTree = "<group>"; };
		A2039658A812DF12C3C626C5 /* Pods_HarryPotterLab_iOSUITests.framework */ = {isa = PBXFileReference; explicitFileType = wrapper.framework; includeInIndex = 0; path = Pods_HarryPotterLab_iOSUITests.framework; sourceTree = BUILT_PRODUCTS_DIR; };
		A64E976F674136C244A26A2A /* Pods-HarryPotterLab_Widget.debug.xcconfig */ = {isa = PBXFileReference; includeInIndex = 1; lastKnownFileType = text.xcconfig; name = "Pods-HarryPotterLab_Widget.debug.xcconfig"; path = "Pods/Target Support Files/Pods-HarryPotterLab_Widget/Pods-HarryPotterLab_Widget.debug.xcconfig"; sourceTree = "<group>"; };
		F3E1B65D1A2F79C7CA6E833A /* Pods-HarryPotterLab-iOS.debug.xcconfig */ = {isa = PBXFileReference; includeInIndex = 1; lastKnownFileType = text.xcconfig; name = "Pods-HarryPotterLab-iOS.debug.xcconfig"; path = "Pods/Target Support Files/Pods-HarryPotterLab-iOS/Pods-HarryPotterLab-iOS.debug.xcconfig"; sourceTree = "<group>"; };
		FBC641B2F5E602A95D57CB66 /* Pods_HarryPotterLab_iOS.framework */ = {isa = PBXFileReference; explicitFileType = wrapper.framework; includeInIndex = 0; path = Pods_HarryPotterLab_iOS.framework; sourceTree = BUILT_PRODUCTS_DIR; };
/* End PBXFileReference section */

/* Begin PBXFrameworksBuildPhase section */
		6F2361002574303E004EE4D3 /* Frameworks */ = {
			isa = PBXFrameworksBuildPhase;
			buildActionMask = 2147483647;
			files = (
				6F23615025743553004EE4D3 /* HarryPotterLab_ui_kit.framework in Frameworks */,
			);
			runOnlyForDeploymentPostprocessing = 0;
		};
		6F23611625743040004EE4D3 /* Frameworks */ = {
			isa = PBXFrameworksBuildPhase;
			buildActionMask = 2147483647;
			files = (
				FCCC25C316CD376237C5522E /* Pods_HarryPotterLab_iOSTests.framework in Frameworks */,
			);
			runOnlyForDeploymentPostprocessing = 0;
		};
		6F23612125743040004EE4D3 /* Frameworks */ = {
			isa = PBXFrameworksBuildPhase;
			buildActionMask = 2147483647;
			files = (
				7918360F78F220FD267A2BE3 /* Pods_HarryPotterLab_iOSUITests.framework in Frameworks */,
			);
			runOnlyForDeploymentPostprocessing = 0;
		};
		6F23613725743161004EE4D3 /* Frameworks */ = {
			isa = PBXFrameworksBuildPhase;
			buildActionMask = 2147483647;
			files = (
				6F23613D25743161004EE4D3 /* NotificationCenter.framework in Frameworks */,
			);
			runOnlyForDeploymentPostprocessing = 0;
		};
/* End PBXFrameworksBuildPhase section */

/* Begin PBXGroup section */
		6F2360FA2574303E004EE4D3 = {
			isa = PBXGroup;
			children = (
				6F2361052574303E004EE4D3 /* HarryPotterLab-iOS */,
				6F23611C25743040004EE4D3 /* HarryPotterLab-iOSTests */,
				6F23612725743040004EE4D3 /* HarryPotterLab-iOSUITests */,
				6F23613E25743161004EE4D3 /* HarryPotterLab_Widget */,
				6F23613B25743161004EE4D3 /* Frameworks */,
				6F2361042574303E004EE4D3 /* Products */,
				CD21B8F0614858A144ABFE6D /* Pods */,
			);
			sourceTree = "<group>";
		};
		6F2361042574303E004EE4D3 /* Products */ = {
			isa = PBXGroup;
			children = (
				6F2361032574303E004EE4D3 /* HarryPotterLab-iOS.app */,
				6F23611925743040004EE4D3 /* HarryPotterLab-iOSTests.xctest */,
				6F23612425743040004EE4D3 /* HarryPotterLab-iOSUITests.xctest */,
				6F23613A25743161004EE4D3 /* HarryPotterLab_Widget.appex */,
			);
			name = Products;
			sourceTree = "<group>";
		};
		6F2361052574303E004EE4D3 /* HarryPotterLab-iOS */ = {
			isa = PBXGroup;
			children = (
				6F2361062574303E004EE4D3 /* AppDelegate.swift */,
				6F2361082574303E004EE4D3 /* SceneDelegate.swift */,
				6F23610A2574303E004EE4D3 /* ViewController.swift */,
				6F23610C2574303E004EE4D3 /* Main.storyboard */,
				6F23610F25743040004EE4D3 /* Assets.xcassets */,
				6F23611125743040004EE4D3 /* LaunchScreen.storyboard */,
				6F23611425743040004EE4D3 /* Info.plist */,
			);
			path = "HarryPotterLab-iOS";
			sourceTree = "<group>";
		};
		6F23611C25743040004EE4D3 /* HarryPotterLab-iOSTests */ = {
			isa = PBXGroup;
			children = (
				6F23611D25743040004EE4D3 /* HarryPotterLab_iOSTests.swift */,
				6F23611F25743040004EE4D3 /* Info.plist */,
			);
			path = "HarryPotterLab-iOSTests";
			sourceTree = "<group>";
		};
		6F23612725743040004EE4D3 /* HarryPotterLab-iOSUITests */ = {
			isa = PBXGroup;
			children = (
				6F23612825743040004EE4D3 /* HarryPotterLab_iOSUITests.swift */,
				6F23612A25743040004EE4D3 /* Info.plist */,
			);
			path = "HarryPotterLab-iOSUITests";
			sourceTree = "<group>";
		};
		6F23613B25743161004EE4D3 /* Frameworks */ = {
			isa = PBXGroup;
			children = (
				6F23614F25743553004EE4D3 /* HarryPotterLab_ui_kit.framework */,
				6F23613C25743161004EE4D3 /* NotificationCenter.framework */,
				FBC641B2F5E602A95D57CB66 /* Pods_HarryPotterLab_iOS.framework */,
				77ED7BD8D4130FE5E1239C33 /* Pods_HarryPotterLab_iOSTests.framework */,
				A2039658A812DF12C3C626C5 /* Pods_HarryPotterLab_iOSUITests.framework */,
				9656C63BB143095E7A8868D0 /* Pods_HarryPotterLab_Widget.framework */,
			);
			name = Frameworks;
			sourceTree = "<group>";
		};
		6F23613E25743161004EE4D3 /* HarryPotterLab_Widget */ = {
			isa = PBXGroup;
			children = (
				6F23613F25743161004EE4D3 /* TodayViewController.swift */,
				6F23614125743161004EE4D3 /* MainInterface.storyboard */,
				6F23614425743161004EE4D3 /* Info.plist */,
			);
			path = HarryPotterLab_Widget;
			sourceTree = "<group>";
		};
		CD21B8F0614858A144ABFE6D /* Pods */ = {
			isa = PBXGroup;
			children = (
				F3E1B65D1A2F79C7CA6E833A /* Pods-HarryPotterLab-iOS.debug.xcconfig */,
				3F2A6ADC05ABB96D4B548BD2 /* Pods-HarryPotterLab-iOS.release.xcconfig */,
				040708DC0CBD2CF34F174894 /* Pods-HarryPotterLab-iOSTests.debug.xcconfig */,
				586D48309408A1545A0234C0 /* Pods-HarryPotterLab-iOSTests.release.xcconfig */,
				0E509A2FAD5D0430D989BE4F /* Pods-HarryPotterLab-iOSUITests.debug.xcconfig */,
				19811F7B8FFB9FEDFE194F94 /* Pods-HarryPotterLab-iOSUITests.release.xcconfig */,
				A64E976F674136C244A26A2A /* Pods-HarryPotterLab_Widget.debug.xcconfig */,
				9D44E7F4A65D456A4B87C8E8 /* Pods-HarryPotterLab_Widget.release.xcconfig */,
			);
			name = Pods;
			sourceTree = "<group>";
		};
/* End PBXGroup section */

/* Begin PBXNativeTarget section */
		6F2361022574303E004EE4D3 /* HarryPotterLab-iOS */ = {
			isa = PBXNativeTarget;
			buildConfigurationList = 6F23612D25743040004EE4D3 /* Build configuration list for PBXNativeTarget "HarryPotterLab-iOS" */;
			buildPhases = (
				50D5473F0384CF01A90D55F7 /* [CP] Check Pods Manifest.lock */,
				6F2360FF2574303E004EE4D3 /* Sources */,
				6F2361002574303E004EE4D3 /* Frameworks */,
				6F2361012574303E004EE4D3 /* Resources */,
				6F23614B25743163004EE4D3 /* Embed App Extensions */,
				38B10A7A0DAAF8D3991C8591 /* [CP] Embed Pods Frameworks */,
				9367398A5F439298F32BBAC0 /* [CP] Copy Pods Resources */,
				6F23615225743553004EE4D3 /* Embed Frameworks */,
			);
			buildRules = (
			);
			dependencies = (
				6F23614625743161004EE4D3 /* PBXTargetDependency */,
			);
			name = "HarryPotterLab-iOS";
			productName = "HarryPotterLab-iOS";
			productReference = 6F2361032574303E004EE4D3 /* HarryPotterLab-iOS.app */;
			productType = "com.apple.product-type.application";
		};
		6F23611825743040004EE4D3 /* HarryPotterLab-iOSTests */ = {
			isa = PBXNativeTarget;
			buildConfigurationList = 6F23613025743040004EE4D3 /* Build configuration list for PBXNativeTarget "HarryPotterLab-iOSTests" */;
			buildPhases = (
				D9DA64CED6C4DADD2A3A2FD0 /* [CP] Check Pods Manifest.lock */,
				6F23611525743040004EE4D3 /* Sources */,
				6F23611625743040004EE4D3 /* Frameworks */,
				6F23611725743040004EE4D3 /* Resources */,
				9789EACEA12A0B519C1E56BB /* [CP] Embed Pods Frameworks */,
				B913ED41AABED3C5319EC91A /* [CP] Copy Pods Resources */,
			);
			buildRules = (
			);
			dependencies = (
				6F23611B25743040004EE4D3 /* PBXTargetDependency */,
			);
			name = "HarryPotterLab-iOSTests";
			productName = "HarryPotterLab-iOSTests";
			productReference = 6F23611925743040004EE4D3 /* HarryPotterLab-iOSTests.xctest */;
			productType = "com.apple.product-type.bundle.unit-test";
		};
		6F23612325743040004EE4D3 /* HarryPotterLab-iOSUITests */ = {
			isa = PBXNativeTarget;
			buildConfigurationList = 6F23613325743040004EE4D3 /* Build configuration list for PBXNativeTarget "HarryPotterLab-iOSUITests" */;
			buildPhases = (
				DF052E57EC2BCC4559D7388A /* [CP] Check Pods Manifest.lock */,
				6F23612025743040004EE4D3 /* Sources */,
				6F23612125743040004EE4D3 /* Frameworks */,
				6F23612225743040004EE4D3 /* Resources */,
				899D6F05D2EBC86AB9549F19 /* [CP] Embed Pods Frameworks */,
				4F43261CABE2CB8AD9BEA5D6 /* [CP] Copy Pods Resources */,
			);
			buildRules = (
			);
			dependencies = (
				6F23612625743040004EE4D3 /* PBXTargetDependency */,
			);
			name = "HarryPotterLab-iOSUITests";
			productName = "HarryPotterLab-iOSUITests";
			productReference = 6F23612425743040004EE4D3 /* HarryPotterLab-iOSUITests.xctest */;
			productType = "com.apple.product-type.bundle.ui-testing";
		};
		6F23613925743161004EE4D3 /* HarryPotterLab_Widget */ = {
			isa = PBXNativeTarget;
			buildConfigurationList = 6F23614825743163004EE4D3 /* Build configuration list for PBXNativeTarget "HarryPotterLab_Widget" */;
			buildPhases = (
				3A0037F77CDEC77EF98CDEA9 /* [CP] Check Pods Manifest.lock */,
				6F23613625743161004EE4D3 /* Sources */,
				6F23613725743161004EE4D3 /* Frameworks */,
				6F23613825743161004EE4D3 /* Resources */,
				48A635AFE02C046A9C5F8005 /* [CP] Copy Pods Resources */,
			);
			buildRules = (
			);
			dependencies = (
			);
			name = HarryPotterLab_Widget;
			productName = HarryPotterLab_Widget;
			productReference = 6F23613A25743161004EE4D3 /* HarryPotterLab_Widget.appex */;
			productType = "com.apple.product-type.app-extension";
		};
/* End PBXNativeTarget section */

/* Begin PBXProject section */
		6F2360FB2574303E004EE4D3 /* Project object */ = {
			isa = PBXProject;
			attributes = {
				LastSwiftUpdateCheck = 1110;
				LastUpgradeCheck = 1110;
				ORGANIZATIONNAME = "Miquel Bosch";
				TargetAttributes = {
					6F2361022574303E004EE4D3 = {
						CreatedOnToolsVersion = 11.1;
					};
					6F23611825743040004EE4D3 = {
						CreatedOnToolsVersion = 11.1;
						TestTargetID = 6F2361022574303E004EE4D3;
					};
					6F23612325743040004EE4D3 = {
						CreatedOnToolsVersion = 11.1;
						TestTargetID = 6F2361022574303E004EE4D3;
					};
					6F23613925743161004EE4D3 = {
						CreatedOnToolsVersion = 11.1;
					};
				};
			};
			buildConfigurationList = 6F2360FE2574303E004EE4D3 /* Build configuration list for PBXProject "HarryPotterLab-iOS" */;
			compatibilityVersion = "Xcode 9.3";
			developmentRegion = en;
			hasScannedForEncodings = 0;
			knownRegions = (
				en,
				Base,
			);
			mainGroup = 6F2360FA2574303E004EE4D3;
			productRefGroup = 6F2361042574303E004EE4D3 /* Products */;
			projectDirPath = "";
			projectRoot = "";
			targets = (
				6F2361022574303E004EE4D3 /* HarryPotterLab-iOS */,
				6F23611825743040004EE4D3 /* HarryPotterLab-iOSTests */,
				6F23612325743040004EE4D3 /* HarryPotterLab-iOSUITests */,
				6F23613925743161004EE4D3 /* HarryPotterLab_Widget */,
			);
		};
/* End PBXProject section */

/* Begin PBXResourcesBuildPhase section */
		6F2361012574303E004EE4D3 /* Resources */ = {
			isa = PBXResourcesBuildPhase;
			buildActionMask = 2147483647;
			files = (
				6F23611325743040004EE4D3 /* LaunchScreen.storyboard in Resources */,
				6F23611025743040004EE4D3 /* Assets.xcassets in Resources */,
				6F23610E2574303E004EE4D3 /* Main.storyboard in Resources */,
			);
			runOnlyForDeploymentPostprocessing = 0;
		};
		6F23611725743040004EE4D3 /* Resources */ = {
			isa = PBXResourcesBuildPhase;
			buildActionMask = 2147483647;
			files = (
			);
			runOnlyForDeploymentPostprocessing = 0;
		};
		6F23612225743040004EE4D3 /* Resources */ = {
			isa = PBXResourcesBuildPhase;
			buildActionMask = 2147483647;
			files = (
			);
			runOnlyForDeploymentPostprocessing = 0;
		};
		6F23613825743161004EE4D3 /* Resources */ = {
			isa = PBXResourcesBuildPhase;
			buildActionMask = 2147483647;
			files = (
				6F23614325743161004EE4D3 /* MainInterface.storyboard in Resources */,
			);
			runOnlyForDeploymentPostprocessing = 0;
		};
/* End PBXResourcesBuildPhase section */

/* Begin PBXShellScriptBuildPhase section */
		38B10A7A0DAAF8D3991C8591 /* [CP] Embed Pods Frameworks */ = {
			isa = PBXShellScriptBuildPhase;
			buildActionMask = 2147483647;
			files = (
			);
			inputFileListPaths = (
			);
			inputPaths = (
			);
			name = "[CP] Embed Pods Frameworks";
			outputFileListPaths = (
			);
			outputPaths = (
			);
			runOnlyForDeploymentPostprocessing = 0;
			shellPath = /bin/sh;
			shellScript = "\"${SRCROOT}/Pods/Target Support Files/Pods-HarryPotterLab-iOS/Pods-HarryPotterLab-iOS-frameworks.sh\"\n";
			showEnvVarsInLog = 0;
		};
		3A0037F77CDEC77EF98CDEA9 /* [CP] Check Pods Manifest.lock */ = {
			isa = PBXShellScriptBuildPhase;
			buildActionMask = 2147483647;
			files = (
			);
			inputFileListPaths = (
			);
			inputPaths = (
				"${PODS_PODFILE_DIR_PATH}/Podfile.lock",
				"${PODS_ROOT}/Manifest.lock",
			);
			name = "[CP] Check Pods Manifest.lock";
			outputFileListPaths = (
			);
			outputPaths = (
				"$(DERIVED_FILE_DIR)/Pods-HarryPotterLab_Widget-checkManifestLockResult.txt",
			);
			runOnlyForDeploymentPostprocessing = 0;
			shellPath = /bin/sh;
			shellScript = "diff \"${PODS_PODFILE_DIR_PATH}/Podfile.lock\" \"${PODS_ROOT}/Manifest.lock\" > /dev/null\nif [ $? != 0 ] ; then\n    # print error to STDERR\n    echo \"error: The sandbox is not in sync with the Podfile.lock. Run 'pod install' or update your CocoaPods installation.\" >&2\n    exit 1\nfi\n# This output is used by Xcode 'outputs' to avoid re-running this script phase.\necho \"SUCCESS\" > \"${SCRIPT_OUTPUT_FILE_0}\"\n";
			showEnvVarsInLog = 0;
		};
		48A635AFE02C046A9C5F8005 /* [CP] Copy Pods Resources */ = {
			isa = PBXShellScriptBuildPhase;
			buildActionMask = 2147483647;
			files = (
			);
			inputFileListPaths = (
			);
			inputPaths = (
			);
			name = "[CP] Copy Pods Resources";
			outputFileListPaths = (
			);
			outputPaths = (
			);
			runOnlyForDeploymentPostprocessing = 0;
			shellPath = /bin/sh;
			shellScript = "\"${SRCROOT}/Pods/Target Support Files/Pods-HarryPotterLab_Widget/Pods-HarryPotterLab_Widget-resources.sh\"\n";
			showEnvVarsInLog = 0;
		};
		4F43261CABE2CB8AD9BEA5D6 /* [CP] Copy Pods Resources */ = {
			isa = PBXShellScriptBuildPhase;
			buildActionMask = 2147483647;
			files = (
			);
			inputFileListPaths = (
			);
			inputPaths = (
			);
			name = "[CP] Copy Pods Resources";
			outputFileListPaths = (
			);
			outputPaths = (
			);
			runOnlyForDeploymentPostprocessing = 0;
			shellPath = /bin/sh;
			shellScript = "\"${SRCROOT}/Pods/Target Support Files/Pods-HarryPotterLab-iOSUITests/Pods-HarryPotterLab-iOSUITests-resources.sh\"\n";
			showEnvVarsInLog = 0;
		};
		50D5473F0384CF01A90D55F7 /* [CP] Check Pods Manifest.lock */ = {
			isa = PBXShellScriptBuildPhase;
			buildActionMask = 2147483647;
			files = (
			);
			inputFileListPaths = (
			);
			inputPaths = (
				"${PODS_PODFILE_DIR_PATH}/Podfile.lock",
				"${PODS_ROOT}/Manifest.lock",
			);
			name = "[CP] Check Pods Manifest.lock";
			outputFileListPaths = (
			);
			outputPaths = (
				"$(DERIVED_FILE_DIR)/Pods-HarryPotterLab-iOS-checkManifestLockResult.txt",
			);
			runOnlyForDeploymentPostprocessing = 0;
			shellPath = /bin/sh;
			shellScript = "diff \"${PODS_PODFILE_DIR_PATH}/Podfile.lock\" \"${PODS_ROOT}/Manifest.lock\" > /dev/null\nif [ $? != 0 ] ; then\n    # print error to STDERR\n    echo \"error: The sandbox is not in sync with the Podfile.lock. Run 'pod install' or update your CocoaPods installation.\" >&2\n    exit 1\nfi\n# This output is used by Xcode 'outputs' to avoid re-running this script phase.\necho \"SUCCESS\" > \"${SCRIPT_OUTPUT_FILE_0}\"\n";
			showEnvVarsInLog = 0;
		};
		899D6F05D2EBC86AB9549F19 /* [CP] Embed Pods Frameworks */ = {
			isa = PBXShellScriptBuildPhase;
			buildActionMask = 2147483647;
			files = (
			);
			inputFileListPaths = (
			);
			inputPaths = (
			);
			name = "[CP] Embed Pods Frameworks";
			outputFileListPaths = (
			);
			outputPaths = (
			);
			runOnlyForDeploymentPostprocessing = 0;
			shellPath = /bin/sh;
			shellScript = "\"${SRCROOT}/Pods/Target Support Files/Pods-HarryPotterLab-iOSUITests/Pods-HarryPotterLab-iOSUITests-frameworks.sh\"\n";
			showEnvVarsInLog = 0;
		};
		9367398A5F439298F32BBAC0 /* [CP] Copy Pods Resources */ = {
			isa = PBXShellScriptBuildPhase;
			buildActionMask = 2147483647;
			files = (
			);
			inputFileListPaths = (
			);
			inputPaths = (
			);
			name = "[CP] Copy Pods Resources";
			outputFileListPaths = (
			);
			outputPaths = (
			);
			runOnlyForDeploymentPostprocessing = 0;
			shellPath = /bin/sh;
			shellScript = "\"${SRCROOT}/Pods/Target Support Files/Pods-HarryPotterLab-iOS/Pods-HarryPotterLab-iOS-resources.sh\"\n";
			showEnvVarsInLog = 0;
		};
		9789EACEA12A0B519C1E56BB /* [CP] Embed Pods Frameworks */ = {
			isa = PBXShellScriptBuildPhase;
			buildActionMask = 2147483647;
			files = (
			);
			inputFileListPaths = (
			);
			inputPaths = (
			);
			name = "[CP] Embed Pods Frameworks";
			outputFileListPaths = (
			);
			outputPaths = (
			);
			runOnlyForDeploymentPostprocessing = 0;
			shellPath = /bin/sh;
			shellScript = "\"${SRCROOT}/Pods/Target Support Files/Pods-HarryPotterLab-iOSTests/Pods-HarryPotterLab-iOSTests-frameworks.sh\"\n";
			showEnvVarsInLog = 0;
		};
		B913ED41AABED3C5319EC91A /* [CP] Copy Pods Resources */ = {
			isa = PBXShellScriptBuildPhase;
			buildActionMask = 2147483647;
			files = (
			);
			inputFileListPaths = (
			);
			inputPaths = (
			);
			name = "[CP] Copy Pods Resources";
			outputFileListPaths = (
			);
			outputPaths = (
			);
			runOnlyForDeploymentPostprocessing = 0;
			shellPath = /bin/sh;
			shellScript = "\"${SRCROOT}/Pods/Target Support Files/Pods-HarryPotterLab-iOSTests/Pods-HarryPotterLab-iOSTests-resources.sh\"\n";
			showEnvVarsInLog = 0;
		};
		D9DA64CED6C4DADD2A3A2FD0 /* [CP] Check Pods Manifest.lock */ = {
			isa = PBXShellScriptBuildPhase;
			buildActionMask = 2147483647;
			files = (
			);
			inputFileListPaths = (
			);
			inputPaths = (
				"${PODS_PODFILE_DIR_PATH}/Podfile.lock",
				"${PODS_ROOT}/Manifest.lock",
			);
			name = "[CP] Check Pods Manifest.lock";
			outputFileListPaths = (
			);
			outputPaths = (
				"$(DERIVED_FILE_DIR)/Pods-HarryPotterLab-iOSTests-checkManifestLockResult.txt",
			);
			runOnlyForDeploymentPostprocessing = 0;
			shellPath = /bin/sh;
			shellScript = "diff \"${PODS_PODFILE_DIR_PATH}/Podfile.lock\" \"${PODS_ROOT}/Manifest.lock\" > /dev/null\nif [ $? != 0 ] ; then\n    # print error to STDERR\n    echo \"error: The sandbox is not in sync with the Podfile.lock. Run 'pod install' or update your CocoaPods installation.\" >&2\n    exit 1\nfi\n# This output is used by Xcode 'outputs' to avoid re-running this script phase.\necho \"SUCCESS\" > \"${SCRIPT_OUTPUT_FILE_0}\"\n";
			showEnvVarsInLog = 0;
		};
		DF052E57EC2BCC4559D7388A /* [CP] Check Pods Manifest.lock */ = {
			isa = PBXShellScriptBuildPhase;
			buildActionMask = 2147483647;
			files = (
			);
			inputFileListPaths = (
			);
			inputPaths = (
				"${PODS_PODFILE_DIR_PATH}/Podfile.lock",
				"${PODS_ROOT}/Manifest.lock",
			);
			name = "[CP] Check Pods Manifest.lock";
			outputFileListPaths = (
			);
			outputPaths = (
				"$(DERIVED_FILE_DIR)/Pods-HarryPotterLab-iOSUITests-checkManifestLockResult.txt",
			);
			runOnlyForDeploymentPostprocessing = 0;
			shellPath = /bin/sh;
			shellScript = "diff \"${PODS_PODFILE_DIR_PATH}/Podfile.lock\" \"${PODS_ROOT}/Manifest.lock\" > /dev/null\nif [ $? != 0 ] ; then\n    # print error to STDERR\n    echo \"error: The sandbox is not in sync with the Podfile.lock. Run 'pod install' or update your CocoaPods installation.\" >&2\n    exit 1\nfi\n# This output is used by Xcode 'outputs' to avoid re-running this script phase.\necho \"SUCCESS\" > \"${SCRIPT_OUTPUT_FILE_0}\"\n";
			showEnvVarsInLog = 0;
		};
/* End PBXShellScriptBuildPhase section */

/* Begin PBXSourcesBuildPhase section */
		6F2360FF2574303E004EE4D3 /* Sources */ = {
			isa = PBXSourcesBuildPhase;
			buildActionMask = 2147483647;
			files = (
				6F23610B2574303E004EE4D3 /* ViewController.swift in Sources */,
				6F2361072574303E004EE4D3 /* AppDelegate.swift in Sources */,
				6F2361092574303E004EE4D3 /* SceneDelegate.swift in Sources */,
			);
			runOnlyForDeploymentPostprocessing = 0;
		};
		6F23611525743040004EE4D3 /* Sources */ = {
			isa = PBXSourcesBuildPhase;
			buildActionMask = 2147483647;
			files = (
				6F23611E25743040004EE4D3 /* HarryPotterLab_iOSTests.swift in Sources */,
			);
			runOnlyForDeploymentPostprocessing = 0;
		};
		6F23612025743040004EE4D3 /* Sources */ = {
			isa = PBXSourcesBuildPhase;
			buildActionMask = 2147483647;
			files = (
				6F23612925743040004EE4D3 /* HarryPotterLab_iOSUITests.swift in Sources */,
			);
			runOnlyForDeploymentPostprocessing = 0;
		};
		6F23613625743161004EE4D3 /* Sources */ = {
			isa = PBXSourcesBuildPhase;
			buildActionMask = 2147483647;
			files = (
				6F23614025743161004EE4D3 /* TodayViewController.swift in Sources */,
			);
			runOnlyForDeploymentPostprocessing = 0;
		};
/* End PBXSourcesBuildPhase section */

/* Begin PBXTargetDependency section */
		6F23611B25743040004EE4D3 /* PBXTargetDependency */ = {
			isa = PBXTargetDependency;
			target = 6F2361022574303E004EE4D3 /* HarryPotterLab-iOS */;
			targetProxy = 6F23611A25743040004EE4D3 /* PBXContainerItemProxy */;
		};
		6F23612625743040004EE4D3 /* PBXTargetDependency */ = {
			isa = PBXTargetDependency;
			target = 6F2361022574303E004EE4D3 /* HarryPotterLab-iOS */;
			targetProxy = 6F23612525743040004EE4D3 /* PBXContainerItemProxy */;
		};
		6F23614625743161004EE4D3 /* PBXTargetDependency */ = {
			isa = PBXTargetDependency;
			target = 6F23613925743161004EE4D3 /* HarryPotterLab_Widget */;
			targetProxy = 6F23614525743161004EE4D3 /* PBXContainerItemProxy */;
		};
/* End PBXTargetDependency section */

/* Begin PBXVariantGroup section */
		6F23610C2574303E004EE4D3 /* Main.storyboard */ = {
			isa = PBXVariantGroup;
			children = (
				6F23610D2574303E004EE4D3 /* Base */,
			);
			name = Main.storyboard;
			sourceTree = "<group>";
		};
		6F23611125743040004EE4D3 /* LaunchScreen.storyboard */ = {
			isa = PBXVariantGroup;
			children = (
				6F23611225743040004EE4D3 /* Base */,
			);
			name = LaunchScreen.storyboard;
			sourceTree = "<group>";
		};
		6F23614125743161004EE4D3 /* MainInterface.storyboard */ = {
			isa = PBXVariantGroup;
			children = (
				6F23614225743161004EE4D3 /* Base */,
			);
			name = MainInterface.storyboard;
			sourceTree = "<group>";
		};
/* End PBXVariantGroup section */

/* Begin XCBuildConfiguration section */
		6F23612B25743040004EE4D3 /* Debug */ = {
			isa = XCBuildConfiguration;
			buildSettings = {
				ALWAYS_SEARCH_USER_PATHS = NO;
				CLANG_ANALYZER_NONNULL = YES;
				CLANG_ANALYZER_NUMBER_OBJECT_CONVERSION = YES_AGGRESSIVE;
				CLANG_CXX_LANGUAGE_STANDARD = "gnu++14";
				CLANG_CXX_LIBRARY = "libc++";
				CLANG_ENABLE_MODULES = YES;
				CLANG_ENABLE_OBJC_ARC = YES;
				CLANG_ENABLE_OBJC_WEAK = YES;
				CLANG_WARN_BLOCK_CAPTURE_AUTORELEASING = YES;
				CLANG_WARN_BOOL_CONVERSION = YES;
				CLANG_WARN_COMMA = YES;
				CLANG_WARN_CONSTANT_CONVERSION = YES;
				CLANG_WARN_DEPRECATED_OBJC_IMPLEMENTATIONS = YES;
				CLANG_WARN_DIRECT_OBJC_ISA_USAGE = YES_ERROR;
				CLANG_WARN_DOCUMENTATION_COMMENTS = YES;
				CLANG_WARN_EMPTY_BODY = YES;
				CLANG_WARN_ENUM_CONVERSION = YES;
				CLANG_WARN_INFINITE_RECURSION = YES;
				CLANG_WARN_INT_CONVERSION = YES;
				CLANG_WARN_NON_LITERAL_NULL_CONVERSION = YES;
				CLANG_WARN_OBJC_IMPLICIT_RETAIN_SELF = YES;
				CLANG_WARN_OBJC_LITERAL_CONVERSION = YES;
				CLANG_WARN_OBJC_ROOT_CLASS = YES_ERROR;
				CLANG_WARN_RANGE_LOOP_ANALYSIS = YES;
				CLANG_WARN_STRICT_PROTOTYPES = YES;
				CLANG_WARN_SUSPICIOUS_MOVE = YES;
				CLANG_WARN_UNGUARDED_AVAILABILITY = YES_AGGRESSIVE;
				CLANG_WARN_UNREACHABLE_CODE = YES;
				CLANG_WARN__DUPLICATE_METHOD_MATCH = YES;
				COPY_PHASE_STRIP = NO;
				DEBUG_INFORMATION_FORMAT = dwarf;
				ENABLE_STRICT_OBJC_MSGSEND = YES;
				ENABLE_TESTABILITY = YES;
				GCC_C_LANGUAGE_STANDARD = gnu11;
				GCC_DYNAMIC_NO_PIC = NO;
				GCC_NO_COMMON_BLOCKS = YES;
				GCC_OPTIMIZATION_LEVEL = 0;
				GCC_PREPROCESSOR_DEFINITIONS = (
					"DEBUG=1",
					"$(inherited)",
				);
				GCC_WARN_64_TO_32_BIT_CONVERSION = YES;
				GCC_WARN_ABOUT_RETURN_TYPE = YES_ERROR;
				GCC_WARN_UNDECLARED_SELECTOR = YES;
				GCC_WARN_UNINITIALIZED_AUTOS = YES_AGGRESSIVE;
				GCC_WARN_UNUSED_FUNCTION = YES;
				GCC_WARN_UNUSED_VARIABLE = YES;
				IPHONEOS_DEPLOYMENT_TARGET = 13.1;
				MTL_ENABLE_DEBUG_INFO = INCLUDE_SOURCE;
				MTL_FAST_MATH = YES;
				ONLY_ACTIVE_ARCH = YES;
				SDKROOT = iphoneos;
				SWIFT_ACTIVE_COMPILATION_CONDITIONS = DEBUG;
				SWIFT_OPTIMIZATION_LEVEL = "-Onone";
			};
			name = Debug;
		};
		6F23612C25743040004EE4D3 /* Release */ = {
			isa = XCBuildConfiguration;
			buildSettings = {
				ALWAYS_SEARCH_USER_PATHS = NO;
				CLANG_ANALYZER_NONNULL = YES;
				CLANG_ANALYZER_NUMBER_OBJECT_CONVERSION = YES_AGGRESSIVE;
				CLANG_CXX_LANGUAGE_STANDARD = "gnu++14";
				CLANG_CXX_LIBRARY = "libc++";
				CLANG_ENABLE_MODULES = YES;
				CLANG_ENABLE_OBJC_ARC = YES;
				CLANG_ENABLE_OBJC_WEAK = YES;
				CLANG_WARN_BLOCK_CAPTURE_AUTORELEASING = YES;
				CLANG_WARN_BOOL_CONVERSION = YES;
				CLANG_WARN_COMMA = YES;
				CLANG_WARN_CONSTANT_CONVERSION = YES;
				CLANG_WARN_DEPRECATED_OBJC_IMPLEMENTATIONS = YES;
				CLANG_WARN_DIRECT_OBJC_ISA_USAGE = YES_ERROR;
				CLANG_WARN_DOCUMENTATION_COMMENTS = YES;
				CLANG_WARN_EMPTY_BODY = YES;
				CLANG_WARN_ENUM_CONVERSION = YES;
				CLANG_WARN_INFINITE_RECURSION = YES;
				CLANG_WARN_INT_CONVERSION = YES;
				CLANG_WARN_NON_LITERAL_NULL_CONVERSION = YES;
				CLANG_WARN_OBJC_IMPLICIT_RETAIN_SELF = YES;
				CLANG_WARN_OBJC_LITERAL_CONVERSION = YES;
				CLANG_WARN_OBJC_ROOT_CLASS = YES_ERROR;
				CLANG_WARN_RANGE_LOOP_ANALYSIS = YES;
				CLANG_WARN_STRICT_PROTOTYPES = YES;
				CLANG_WARN_SUSPICIOUS_MOVE = YES;
				CLANG_WARN_UNGUARDED_AVAILABILITY = YES_AGGRESSIVE;
				CLANG_WARN_UNREACHABLE_CODE = YES;
				CLANG_WARN__DUPLICATE_METHOD_MATCH = YES;
				COPY_PHASE_STRIP = NO;
				DEBUG_INFORMATION_FORMAT = "dwarf-with-dsym";
				ENABLE_NS_ASSERTIONS = NO;
				ENABLE_STRICT_OBJC_MSGSEND = YES;
				GCC_C_LANGUAGE_STANDARD = gnu11;
				GCC_NO_COMMON_BLOCKS = YES;
				GCC_WARN_64_TO_32_BIT_CONVERSION = YES;
				GCC_WARN_ABOUT_RETURN_TYPE = YES_ERROR;
				GCC_WARN_UNDECLARED_SELECTOR = YES;
				GCC_WARN_UNINITIALIZED_AUTOS = YES_AGGRESSIVE;
				GCC_WARN_UNUSED_FUNCTION = YES;
				GCC_WARN_UNUSED_VARIABLE = YES;
				IPHONEOS_DEPLOYMENT_TARGET = 13.1;
				MTL_ENABLE_DEBUG_INFO = NO;
				MTL_FAST_MATH = YES;
				SDKROOT = iphoneos;
				SWIFT_COMPILATION_MODE = wholemodule;
				SWIFT_OPTIMIZATION_LEVEL = "-O";
				VALIDATE_PRODUCT = YES;
			};
			name = Release;
		};
		6F23612E25743040004EE4D3 /* Debug */ = {
			isa = XCBuildConfiguration;
			baseConfigurationReference = F3E1B65D1A2F79C7CA6E833A /* Pods-HarryPotterLab-iOS.debug.xcconfig */;
			buildSettings = {
				ALWAYS_EMBED_SWIFT_STANDARD_LIBRARIES = YES;
				ASSETCATALOG_COMPILER_APPICON_NAME = AppIcon;
				CODE_SIGN_STYLE = Automatic;
				INFOPLIST_FILE = "HarryPotterLab-iOS/Info.plist";
				LD_RUNPATH_SEARCH_PATHS = (
					"$(inherited)",
					"@executable_path/Frameworks",
				);
				PRODUCT_BUNDLE_IDENTIFIER = "com.harripotter.lab.bosch.miquel.HarryPotterLab-iOS";
				PRODUCT_NAME = "$(TARGET_NAME)";
				SWIFT_VERSION = 5.0;
				TARGETED_DEVICE_FAMILY = "1,2";
			};
			name = Debug;
		};
		6F23612F25743040004EE4D3 /* Release */ = {
			isa = XCBuildConfiguration;
			baseConfigurationReference = 3F2A6ADC05ABB96D4B548BD2 /* Pods-HarryPotterLab-iOS.release.xcconfig */;
			buildSettings = {
				ALWAYS_EMBED_SWIFT_STANDARD_LIBRARIES = YES;
				ASSETCATALOG_COMPILER_APPICON_NAME = AppIcon;
				CODE_SIGN_STYLE = Automatic;
				INFOPLIST_FILE = "HarryPotterLab-iOS/Info.plist";
				LD_RUNPATH_SEARCH_PATHS = (
					"$(inherited)",
					"@executable_path/Frameworks",
				);
				PRODUCT_BUNDLE_IDENTIFIER = "com.harripotter.lab.bosch.miquel.HarryPotterLab-iOS";
				PRODUCT_NAME = "$(TARGET_NAME)";
				SWIFT_VERSION = 5.0;
				TARGETED_DEVICE_FAMILY = "1,2";
			};
			name = Release;
		};
		6F23613125743040004EE4D3 /* Debug */ = {
			isa = XCBuildConfiguration;
			baseConfigurationReference = 040708DC0CBD2CF34F174894 /* Pods-HarryPotterLab-iOSTests.debug.xcconfig */;
			buildSettings = {
				ALWAYS_EMBED_SWIFT_STANDARD_LIBRARIES = YES;
				BUNDLE_LOADER = "$(TEST_HOST)";
				CODE_SIGN_STYLE = Automatic;
				INFOPLIST_FILE = "HarryPotterLab-iOSTests/Info.plist";
				IPHONEOS_DEPLOYMENT_TARGET = 13.1;
				LD_RUNPATH_SEARCH_PATHS = (
					"$(inherited)",
					"@executable_path/Frameworks",
					"@loader_path/Frameworks",
				);
				PRODUCT_BUNDLE_IDENTIFIER = "com.harripotter.lab.bosch.miquel.HarryPotterLab-iOSTests";
				PRODUCT_NAME = "$(TARGET_NAME)";
				SWIFT_VERSION = 5.0;
				TARGETED_DEVICE_FAMILY = "1,2";
				TEST_HOST = "$(BUILT_PRODUCTS_DIR)/HarryPotterLab-iOS.app/HarryPotterLab-iOS";
			};
			name = Debug;
		};
		6F23613225743040004EE4D3 /* Release */ = {
			isa = XCBuildConfiguration;
			baseConfigurationReference = 586D48309408A1545A0234C0 /* Pods-HarryPotterLab-iOSTests.release.xcconfig */;
			buildSettings = {
				ALWAYS_EMBED_SWIFT_STANDARD_LIBRARIES = YES;
				BUNDLE_LOADER = "$(TEST_HOST)";
				CODE_SIGN_STYLE = Automatic;
				INFOPLIST_FILE = "HarryPotterLab-iOSTests/Info.plist";
				IPHONEOS_DEPLOYMENT_TARGET = 13.1;
				LD_RUNPATH_SEARCH_PATHS = (
					"$(inherited)",
					"@executable_path/Frameworks",
					"@loader_path/Frameworks",
				);
				PRODUCT_BUNDLE_IDENTIFIER = "com.harripotter.lab.bosch.miquel.HarryPotterLab-iOSTests";
				PRODUCT_NAME = "$(TARGET_NAME)";
				SWIFT_VERSION = 5.0;
				TARGETED_DEVICE_FAMILY = "1,2";
				TEST_HOST = "$(BUILT_PRODUCTS_DIR)/HarryPotterLab-iOS.app/HarryPotterLab-iOS";
			};
			name = Release;
		};
		6F23613425743040004EE4D3 /* Debug */ = {
			isa = XCBuildConfiguration;
			baseConfigurationReference = 0E509A2FAD5D0430D989BE4F /* Pods-HarryPotterLab-iOSUITests.debug.xcconfig */;
			buildSettings = {
				ALWAYS_EMBED_SWIFT_STANDARD_LIBRARIES = YES;
				CODE_SIGN_STYLE = Automatic;
				INFOPLIST_FILE = "HarryPotterLab-iOSUITests/Info.plist";
				LD_RUNPATH_SEARCH_PATHS = (
					"$(inherited)",
					"@executable_path/Frameworks",
					"@loader_path/Frameworks",
				);
				PRODUCT_BUNDLE_IDENTIFIER = "com.harripotter.lab.bosch.miquel.HarryPotterLab-iOSUITests";
				PRODUCT_NAME = "$(TARGET_NAME)";
				SWIFT_VERSION = 5.0;
				TARGETED_DEVICE_FAMILY = "1,2";
				TEST_TARGET_NAME = "HarryPotterLab-iOS";
			};
			name = Debug;
		};
		6F23613525743040004EE4D3 /* Release */ = {
			isa = XCBuildConfiguration;
			baseConfigurationReference = 19811F7B8FFB9FEDFE194F94 /* Pods-HarryPotterLab-iOSUITests.release.xcconfig */;
			buildSettings = {
				ALWAYS_EMBED_SWIFT_STANDARD_LIBRARIES = YES;
				CODE_SIGN_STYLE = Automatic;
				INFOPLIST_FILE = "HarryPotterLab-iOSUITests/Info.plist";
				LD_RUNPATH_SEARCH_PATHS = (
					"$(inherited)",
					"@executable_path/Frameworks",
					"@loader_path/Frameworks",
				);
				PRODUCT_BUNDLE_IDENTIFIER = "com.harripotter.lab.bosch.miquel.HarryPotterLab-iOSUITests";
				PRODUCT_NAME = "$(TARGET_NAME)";
				SWIFT_VERSION = 5.0;
				TARGETED_DEVICE_FAMILY = "1,2";
				TEST_TARGET_NAME = "HarryPotterLab-iOS";
			};
			name = Release;
		};
		6F23614925743163004EE4D3 /* Debug */ = {
			isa = XCBuildConfiguration;
			baseConfigurationReference = A64E976F674136C244A26A2A /* Pods-HarryPotterLab_Widget.debug.xcconfig */;
			buildSettings = {
				CODE_SIGN_STYLE = Automatic;
				INFOPLIST_FILE = HarryPotterLab_Widget/Info.plist;
				LD_RUNPATH_SEARCH_PATHS = (
					"$(inherited)",
					"@executable_path/Frameworks",
					"@executable_path/../../Frameworks",
				);
				PRODUCT_BUNDLE_IDENTIFIER = "com.harripotter.lab.bosch.miquel.HarryPotterLab-iOS.HarryPotterLab-Widget";
				PRODUCT_NAME = "$(TARGET_NAME)";
				SKIP_INSTALL = YES;
				SWIFT_VERSION = 5.0;
				TARGETED_DEVICE_FAMILY = "1,2";
			};
			name = Debug;
		};
		6F23614A25743163004EE4D3 /* Release */ = {
			isa = XCBuildConfiguration;
			baseConfigurationReference = 9D44E7F4A65D456A4B87C8E8 /* Pods-HarryPotterLab_Widget.release.xcconfig */;
			buildSettings = {
				CODE_SIGN_STYLE = Automatic;
				INFOPLIST_FILE = HarryPotterLab_Widget/Info.plist;
				LD_RUNPATH_SEARCH_PATHS = (
					"$(inherited)",
					"@executable_path/Frameworks",
					"@executable_path/../../Frameworks",
				);
				PRODUCT_BUNDLE_IDENTIFIER = "com.harripotter.lab.bosch.miquel.HarryPotterLab-iOS.HarryPotterLab-Widget";
				PRODUCT_NAME = "$(TARGET_NAME)";
				SKIP_INSTALL = YES;
				SWIFT_VERSION = 5.0;
				TARGETED_DEVICE_FAMILY = "1,2";
			};
			name = Release;
		};
/* End XCBuildConfiguration section */

/* Begin XCConfigurationList section */
		6F2360FE2574303E004EE4D3 /* Build configuration list for PBXProject "HarryPotterLab-iOS" */ = {
			isa = XCConfigurationList;
			buildConfigurations = (
				6F23612B25743040004EE4D3 /* Debug */,
				6F23612C25743040004EE4D3 /* Release */,
			);
			defaultConfigurationIsVisible = 0;
			defaultConfigurationName = Release;
		};
		6F23612D25743040004EE4D3 /* Build configuration list for PBXNativeTarget "HarryPotterLab-iOS" */ = {
			isa = XCConfigurationList;
			buildConfigurations = (
				6F23612E25743040004EE4D3 /* Debug */,
				6F23612F25743040004EE4D3 /* Release */,
			);
			defaultConfigurationIsVisible = 0;
			defaultConfigurationName = Release;
		};
		6F23613025743040004EE4D3 /* Build configuration list for PBXNativeTarget "HarryPotterLab-iOSTests" */ = {
			isa = XCConfigurationList;
			buildConfigurations = (
				6F23613125743040004EE4D3 /* Debug */,
				6F23613225743040004EE4D3 /* Release */,
			);
			defaultConfigurationIsVisible = 0;
			defaultConfigurationName = Release;
		};
		6F23613325743040004EE4D3 /* Build configuration list for PBXNativeTarget "HarryPotterLab-iOSUITests" */ = {
			isa = XCConfigurationList;
			buildConfigurations = (
				6F23613425743040004EE4D3 /* Debug */,
				6F23613525743040004EE4D3 /* Release */,
			);
			defaultConfigurationIsVisible = 0;
			defaultConfigurationName = Release;
		};
		6F23614825743163004EE4D3 /* Build configuration list for PBXNativeTarget "HarryPotterLab_Widget" */ = {
			isa = XCConfigurationList;
			buildConfigurations = (
				6F23614925743163004EE4D3 /* Debug */,
				6F23614A25743163004EE4D3 /* Release */,
			);
			defaultConfigurationIsVisible = 0;
			defaultConfigurationName = Release;
		};
/* End XCConfigurationList section */
	};
	rootObject = 6F2360FB2574303E004EE4D3 /* Project object */;
}
